// !$*UTF8*$!
{
	archiveVersion = 1;
	classes = {
	};
	objectVersion = 50;
	objects = {

/* Begin PBXBuildFile section */
		185D785720C1224700EA1702 /* AppDelegate.m in Sources */ = {isa = PBXBuildFile; fileRef = 185D785620C1224700EA1702 /* AppDelegate.m */; };
		185D785A20C1224700EA1702 /* ViewController.m in Sources */ = {isa = PBXBuildFile; fileRef = 185D785920C1224700EA1702 /* ViewController.m */; };
		185D785D20C1224700EA1702 /* Main.storyboard in Resources */ = {isa = PBXBuildFile; fileRef = 185D785B20C1224700EA1702 /* Main.storyboard */; };
		185D785F20C1224900EA1702 /* Assets.xcassets in Resources */ = {isa = PBXBuildFile; fileRef = 185D785E20C1224900EA1702 /* Assets.xcassets */; };
		185D786220C1224900EA1702 /* LaunchScreen.storyboard in Resources */ = {isa = PBXBuildFile; fileRef = 185D786020C1224900EA1702 /* LaunchScreen.storyboard */; };
		185D786520C1224900EA1702 /* main.m in Sources */ = {isa = PBXBuildFile; fileRef = 185D786420C1224900EA1702 /* main.m */; };
		185D786C20C12E8F00EA1702 /* demo.gif in Resources */ = {isa = PBXBuildFile; fileRef = 185D786B20C12E8F00EA1702 /* demo.gif */; };
/* End PBXBuildFile section */

/* Begin PBXFileReference section */
		185D785220C1224700EA1702 /* ImageViewGif.app */ = {isa = PBXFileReference; explicitFileType = wrapper.application; includeInIndex = 0; path = ImageViewGif.app; sourceTree = BUILT_PRODUCTS_DIR; };
		185D785520C1224700EA1702 /* AppDelegate.h */ = {isa = PBXFileReference; lastKnownFileType = sourcecode.c.h; path = AppDelegate.h; sourceTree = "<group>"; };
		185D785620C1224700EA1702 /* AppDelegate.m */ = {isa = PBXFileReference; lastKnownFileType = sourcecode.c.objc; path = AppDelegate.m; sourceTree = "<group>"; };
		185D785820C1224700EA1702 /* ViewController.h */ = {isa = PBXFileReference; lastKnownFileType = sourcecode.c.h; path = ViewController.h; sourceTree = "<group>"; };
		185D785920C1224700EA1702 /* ViewController.m */ = {isa = PBXFileReference; lastKnownFileType = sourcecode.c.objc; path = ViewController.m; sourceTree = "<group>"; };
		185D785C20C1224700EA1702 /* Base */ = {isa = PBXFileReference; lastKnownFileType = file.storyboard; name = Base; path = Base.lproj/Main.storyboard; sourceTree = "<group>"; };
		185D785E20C1224900EA1702 /* Assets.xcassets */ = {isa = PBXFileReference; lastKnownFileType = folder.assetcatalog; path = Assets.xcassets; sourceTree = "<group>"; };
		185D786120C1224900EA1702 /* Base */ = {isa = PBXFileReference; lastKnownFileType = file.storyboard; name = Base; path = Base.lproj/LaunchScreen.storyboard; sourceTree = "<group>"; };
		185D786320C1224900EA1702 /* Info.plist */ = {isa = PBXFileReference; lastKnownFileType = text.plist.xml; path = Info.plist; sourceTree = "<group>"; };
		185D786420C1224900EA1702 /* main.m */ = {isa = PBXFileReference; lastKnownFileType = sourcecode.c.objc; path = main.m; sourceTree = "<group>"; };
		185D786B20C12E8F00EA1702 /* demo.gif */ = {isa = PBXFileReference; lastKnownFileType = image.gif; path = demo.gif; sourceTree = "<group>"; };
/* End PBXFileReference section */

/* Begin PBXFrameworksBuildPhase section */
		185D784F20C1224700EA1702 /* Frameworks */ = {
			isa = PBXFrameworksBuildPhase;
			buildActionMask = 2147483647;
			files = (
			);
			runOnlyForDeploymentPostprocessing = 0;
		};
/* End PBXFrameworksBuildPhase section */

/* Begin PBXGroup section */
		185D784920C1224700EA1702 = {
			isa = PBXGroup;
			children = (
				185D785420C1224700EA1702 /* ImageViewGif */,
				185D785320C1224700EA1702 /* Products */,
			);
			sourceTree = "<group>";
		};
		185D785320C1224700EA1702 /* Products */ = {
			isa = PBXGroup;
			children = (
				185D785220C1224700EA1702 /* ImageViewGif.app */,
			);
			name = Products;
			sourceTree = "<group>";
		};
		185D785420C1224700EA1702 /* ImageViewGif */ = {
			isa = PBXGroup;
			children = (
				185D785520C1224700EA1702 /* AppDelegate.h */,
				185D785620C1224700EA1702 /* AppDelegate.m */,
				185D785820C1224700EA1702 /* ViewController.h */,
				185D785920C1224700EA1702 /* ViewController.m */,
				185D785B20C1224700EA1702 /* Main.storyboard */,
				185D785E20C1224900EA1702 /* Assets.xcassets */,
				185D786B20C12E8F00EA1702 /* demo.gif */,
				185D786020C1224900EA1702 /* LaunchScreen.storyboard */,
				185D786320C1224900EA1702 /* Info.plist */,
				185D786420C1224900EA1702 /* main.m */,
			);
			path = ImageViewGif;
			sourceTree = "<group>";
		};
/* End PBXGroup section */

/* Begin PBXNativeTarget section */
		185D785120C1224700EA1702 /* ImageViewGif */ = {
			isa = PBXNativeTarget;
			buildConfigurationList = 185D786820C1224900EA1702 /* Build configuration list for PBXNativeTarget "ImageViewGif" */;
			buildPhases = (
				185D784E20C1224700EA1702 /* Sources */,
				185D784F20C1224700EA1702 /* Frameworks */,
				185D785020C1224700EA1702 /* Resources */,
			);
			buildRules = (
			);
			dependencies = (
			);
			name = ImageViewGif;
			productName = ImageViewGif;
			productReference = 185D785220C1224700EA1702 /* ImageViewGif.app */;
			productType = "com.apple.product-type.application";
		};
/* End PBXNativeTarget section */

/* Begin PBXProject section */
		185D784A20C1224700EA1702 /* Project object */ = {
			isa = PBXProject;
			attributes = {
				LastUpgradeCheck = 0930;
				ORGANIZATIONNAME = apple;
				TargetAttributes = {
					185D785120C1224700EA1702 = {
						CreatedOnToolsVersion = 9.3;
					};
				};
			};
			buildConfigurationList = 185D784D20C1224700EA1702 /* Build configuration list for PBXProject "ImageViewGif" */;
			compatibilityVersion = "Xcode 9.3";
			developmentRegion = en;
			hasScannedForEncodings = 0;
			knownRegions = (
				en,
				Base,
			);
			mainGroup = 185D784920C1224700EA1702;
			productRefGroup = 185D785320C1224700EA1702 /* Products */;
			projectDirPath = "";
			projectRoot = "";
			targets = (
				185D785120C1224700EA1702 /* ImageViewGif */,
			);
		};
/* End PBXProject section */

/* Begin PBXResourcesBuildPhase section */
		185D785020C1224700EA1702 /* Resources */ = {
			isa = PBXResourcesBuildPhase;
			buildActionMask = 2147483647;
			files = (
				185D786220C1224900EA1702 /* LaunchScreen.storyboard in Resources */,
				185D786C20C12E8F00EA1702 /* demo.gif in Resources */,
				185D785F20C1224900EA1702 /* Assets.xcassets in Resources */,
				185D785D20C1224700EA1702 /* Main.storyboard in Resources */,
			);
			runOnlyForDeploymentPostprocessing = 0;
		};
/* End PBXResourcesBuildPhase section */

/* Begin PBXSourcesBuildPhase section */
		185D784E20C1224700EA1702 /* Sources */ = {
			isa = PBXSourcesBuildPhase;
			buildActionMask = 2147483647;
			files = (
				185D785A20C1224700EA1702 /* ViewController.m in Sources */,
				185D786520C1224900EA1702 /* main.m in Sources */,
				185D785720C1224700EA1702 /* AppDelegate.m in Sources */,
			);
			runOnlyForDeploymentPostprocessing = 0;
		};
/* End PBXSourcesBuildPhase section */

/* Begin PBXVariantGroup section */
		185D785B20C1224700EA1702 /* Main.storyboard */ = {
			isa = PBXVariantGroup;
			children = (
				185D785C20C1224700EA1702 /* Base */,
			);
			name = Main.storyboard;
			sourceTree = "<group>";
		};
		185D786020C1224900EA1702 /* LaunchScreen.storyboard */ = {
			isa = PBXVariantGroup;
			children = (
				185D786120C1224900EA1702 /* Base */,
			);
			name = LaunchScreen.storyboard;
			sourceTree = "<group>";
		};
/* End PBXVariantGroup section */

/* Begin XCBuildConfiguration section */
		185D786620C1224900EA1702 /* Debug */ = {
			isa = XCBuildConfiguration;
			buildSettings = {
				ALWAYS_SEARCH_USER_PATHS = NO;
				CLANG_ANALYZER_NONNULL = YES;
				CLANG_ANALYZER_NUMBER_OBJECT_CONVERSION = YES_AGGRESSIVE;
				CLANG_CXX_LANGUAGE_STANDARD = "gnu++14";
				CLANG_CXX_LIBRARY = "libc++";
				CLANG_ENABLE_MODULES = YES;
				CLANG_ENABLE_OBJC_ARC = YES;
				CLANG_ENABLE_OBJC_WEAK = YES;
				CLANG_WARN_BLOCK_CAPTURE_AUTORELEASING = YES;
				CLANG_WARN_BOOL_CONVERSION = YES;
				CLANG_WARN_COMMA = YES;
				CLANG_WARN_CONSTANT_CONVERSION = YES;
				CLANG_WARN_DEPRECATED_OBJC_IMPLEMENTATIONS = YES;
				CLANG_WARN_DIRECT_OBJC_ISA_USAGE = YES_ERROR;
				CLANG_WARN_DOCUMENTATION_COMMENTS = YES;
				CLANG_WARN_EMPTY_BODY = YES;
				CLANG_WARN_ENUM_CONVERSION = YES;
				CLANG_WARN_INFINITE_RECURSION = YES;
				CLANG_WARN_INT_CONVERSION = YES;
				CLANG_WARN_NON_LITERAL_NULL_CONVERSION = YES;
				CLANG_WARN_OBJC_IMPLICIT_RETAIN_SELF = YES;
				CLANG_WARN_OBJC_LITERAL_CONVERSION = YES;
				CLANG_WARN_OBJC_ROOT_CLASS = YES_ERROR;
				CLANG_WARN_RANGE_LOOP_ANALYSIS = YES;
				CLANG_WARN_STRICT_PROTOTYPES = YES;
				CLANG_WARN_SUSPICIOUS_MOVE = YES;
				CLANG_WARN_UNGUARDED_AVAILABILITY = YES_AGGRESSIVE;
				CLANG_WARN_UNREACHABLE_CODE = YES;
				CLANG_WARN__DUPLICATE_METHOD_MATCH = YES;
				CODE_SIGN_IDENTITY = "iPhone Developer";
				COPY_PHASE_STRIP = NO;
				DEBUG_INFORMATION_FORMAT = dwarf;
				ENABLE_STRICT_OBJC_MSGSEND = YES;
				ENABLE_TESTABILITY = YES;
				GCC_C_LANGUAGE_STANDARD = gnu11;
				GCC_DYNAMIC_NO_PIC = NO;
				GCC_NO_COMMON_BLOCKS = YES;
				GCC_OPTIMIZATION_LEVEL = 0;
				GCC_PREPROCESSOR_DEFINITIONS = (
					"DEBUG=1",
					"$(inherited)",
				);
				GCC_WARN_64_TO_32_BIT_CONVERSION = YES;
				GCC_WARN_ABOUT_RETURN_TYPE = YES_ERROR;
				GCC_WARN_UNDECLARED_SELECTOR = YES;
				GCC_WARN_UNINITIALIZED_AUTOS = YES_AGGRESSIVE;
				GCC_WARN_UNUSED_FUNCTION = YES;
				GCC_WARN_UNUSED_VARIABLE = YES;
				IPHONEOS_DEPLOYMENT_TARGET = 11.3;
				MTL_ENABLE_DEBUG_INFO = YES;
				ONLY_ACTIVE_ARCH = YES;
				SDKROOT = iphoneos;
			};
			name = Debug;
		};
		185D786720C1224900EA1702 /* Release */ = {
			isa = XCBuildConfiguration;
			buildSettings = {
				ALWAYS_SEARCH_USER_PATHS = NO;
				CLANG_ANALYZER_NONNULL = YES;
				CLANG_ANALYZER_NUMBER_OBJECT_CONVERSION = YES_AGGRESSIVE;
				CLANG_CXX_LANGUAGE_STANDARD = "gnu++14";
				CLANG_CXX_LIBRARY = "libc++";
				CLANG_ENABLE_MODULES = YES;
				CLANG_ENABLE_OBJC_ARC = YES;
				CLANG_ENABLE_OBJC_WEAK = YES;
				CLANG_WARN_BLOCK_CAPTURE_AUTORELEASING = YES;
				CLANG_WARN_BOOL_CONVERSION = YES;
				CLANG_WARN_COMMA = YES;
				CLANG_WARN_CONSTANT_CONVERSION = YES;
				CLANG_WARN_DEPRECATED_OBJC_IMPLEMENTATIONS = YES;
				CLANG_WARN_DIRECT_OBJC_ISA_USAGE = YES_ERROR;
				CLANG_WARN_DOCUMENTATION_COMMENTS = YES;
				CLANG_WARN_EMPTY_BODY = YES;
				CLANG_WARN_ENUM_CONVERSION = YES;
				CLANG_WARN_INFINITE_RECURSION = YES;
				CLANG_WARN_INT_CONVERSION = YES;
				CLANG_WARN_NON_LITERAL_NULL_CONVERSION = YES;
				CLANG_WARN_OBJC_IMPLICIT_RETAIN_SELF = YES;
				CLANG_WARN_OBJC_LITERAL_CONVERSION = YES;
				CLANG_WARN_OBJC_ROOT_CLASS = YES_ERROR;
				CLANG_WARN_RANGE_LOOP_ANALYSIS = YES;
				CLANG_WARN_STRICT_PROTOTYPES = YES;
				CLANG_WARN_SUSPICIOUS_MOVE = YES;
				CLANG_WARN_UNGUARDED_AVAILABILITY = YES_AGGRESSIVE;
				CLANG_WARN_UNREACHABLE_CODE = YES;
				CLANG_WARN__DUPLICATE_METHOD_MATCH = YES;
				CODE_SIGN_IDENTITY = "iPhone Developer";
				COPY_PHASE_STRIP = NO;
				DEBUG_INFORMATION_FORMAT = "dwarf-with-dsym";
				ENABLE_NS_ASSERTIONS = NO;
				ENABLE_STRICT_OBJC_MSGSEND = YES;
				GCC_C_LANGUAGE_STANDARD = gnu11;
				GCC_NO_COMMON_BLOCKS = YES;
				GCC_WARN_64_TO_32_BIT_CONVERSION = YES;
				GCC_WARN_ABOUT_RETURN_TYPE = YES_ERROR;
				GCC_WARN_UNDECLARED_SELECTOR = YES;
				GCC_WARN_UNINITIALIZED_AUTOS = YES_AGGRESSIVE;
				GCC_WARN_UNUSED_FUNCTION = YES;
				GCC_WARN_UNUSED_VARIABLE = YES;
				IPHONEOS_DEPLOYMENT_TARGET = 11.3;
				MTL_ENABLE_DEBUG_INFO = NO;
				SDKROOT = iphoneos;
				VALIDATE_PRODUCT = YES;
			};
			name = Release;
		};
		185D786920C1224900EA1702 /* Debug */ = {
			isa = XCBuildConfiguration;
			buildSettings = {
				ASSETCATALOG_COMPILER_APPICON_NAME = AppIcon;
				CODE_SIGN_STYLE = Automatic;
				INFOPLIST_FILE = ImageViewGif/Info.plist;
				LD_RUNPATH_SEARCH_PATHS = (
					"$(inherited)",
					"@executable_path/Frameworks",
				);
				PRODUCT_BUNDLE_IDENTIFIER = com.my.computer.ABC.ImageViewGif;
				PRODUCT_NAME = "$(TARGET_NAME)";
				TARGETED_DEVICE_FAMILY = "1,2";
			};
			name = Debug;
		};
		185D786A20C1224900EA1702 /* Release */ = {
			isa = XCBuildConfiguration;
			buildSettings = {
				ASSETCATALOG_COMPILER_APPICON_NAME = AppIcon;
				CODE_SIGN_STYLE = Automatic;
				INFOPLIST_FILE = ImageViewGif/Info.plist;
				LD_RUNPATH_SEARCH_PATHS = (
					"$(inherited)",
					"@executable_path/Frameworks",
				);
				PRODUCT_BUNDLE_IDENTIFIER = com.my.computer.ABC.ImageViewGif;
				PRODUCT_NAME = "$(TARGET_NAME)";
				TARGETED_DEVICE_FAMILY = "1,2";
			};
			name = Release;
		};
/* End XCBuildConfiguration section */

/* Begin XCConfigurationList section */
		185D784D20C1224700EA1702 /* Build configuration list for PBXProject "ImageViewGif" */ = {
			isa = XCConfigurationList;
			buildConfigurations = (
				185D786620C1224900EA1702 /* Debug */,
				185D786720C1224900EA1702 /* Release */,
			);
			defaultConfigurationIsVisible = 0;
			defaultConfigurationName = Release;
		};
		185D786820C1224900EA1702 /* Build configuration list for PBXNativeTarget "ImageViewGif" */ = {
			isa = XCConfigurationList;
			buildConfigurations = (
				185D786920C1224900EA1702 /* Debug */,
				185D786A20C1224900EA1702 /* Release */,
			);
			defaultConfigurationIsVisible = 0;
			defaultConfigurationName = Release;
		};
/* End XCConfigurationList section */
	};
	rootObject = 185D784A20C1224700EA1702 /* Project object */;
}
