// !$*UTF8*$!
{
	archiveVersion = 1;
	classes = {
	};
	objectVersion = 48;
	objects = {

/* Begin PBXBuildFile section */
		1838787D203E507400E48C55 /* UIImage+image.m in Sources */ = {isa = PBXBuildFile; fileRef = 1838787C203E507400E48C55 /* UIImage+image.m */; };
		188274EE203FE15500A3EFB1 /* GestureView.m in Sources */ = {isa = PBXBuildFile; fileRef = 188274ED203FE15500A3EFB1 /* GestureView.m */; };
		2C25C45D2026ACEE00223223 /* AppDelegate.m in Sources */ = {isa = PBXBuildFile; fileRef = 2C25C45C2026ACEE00223223 /* AppDelegate.m */; };
		2C25C4602026ACEE00223223 /* ViewController.m in Sources */ = {isa = PBXBuildFile; fileRef = 2C25C45F2026ACEE00223223 /* ViewController.m */; };
		2C25C4632026ACEE00223223 /* Main.storyboard in Resources */ = {isa = PBXBuildFile; fileRef = 2C25C4612026ACEE00223223 /* Main.storyboard */; };
		2C25C4652026ACEE00223223 /* Assets.xcassets in Resources */ = {isa = PBXBuildFile; fileRef = 2C25C4642026ACEE00223223 /* Assets.xcassets */; };
		2C25C4682026ACEE00223223 /* LaunchScreen.storyboard in Resources */ = {isa = PBXBuildFile; fileRef = 2C25C4662026ACEE00223223 /* LaunchScreen.storyboard */; };
		2C25C46B2026ACEE00223223 /* main.m in Sources */ = {isa = PBXBuildFile; fileRef = 2C25C46A2026ACEE00223223 /* main.m */; };
		2C25C4732026AF8100223223 /* RedView.m in Sources */ = {isa = PBXBuildFile; fileRef = 2C25C4722026AF8100223223 /* RedView.m */; };
		2CDA58E4202AA51E0022CFD8 /* LDGImageView.m in Sources */ = {isa = PBXBuildFile; fileRef = 2CDA58E3202AA51E0022CFD8 /* LDGImageView.m */; };
/* End PBXBuildFile section */

/* Begin PBXFileReference section */
		1838787B203E507400E48C55 /* UIImage+image.h */ = {isa = PBXFileReference; lastKnownFileType = sourcecode.c.h; path = "UIImage+image.h"; sourceTree = "<group>"; };
		1838787C203E507400E48C55 /* UIImage+image.m */ = {isa = PBXFileReference; lastKnownFileType = sourcecode.c.objc; path = "UIImage+image.m"; sourceTree = "<group>"; };
		188274EC203FE15500A3EFB1 /* GestureView.h */ = {isa = PBXFileReference; lastKnownFileType = sourcecode.c.h; path = GestureView.h; sourceTree = "<group>"; };
		188274ED203FE15500A3EFB1 /* GestureView.m */ = {isa = PBXFileReference; lastKnownFileType = sourcecode.c.objc; path = GestureView.m; sourceTree = "<group>"; };
		2C25C4582026ACEE00223223 /* quartz 2d的练习.app */ = {isa = PBXFileReference; explicitFileType = wrapper.application; includeInIndex = 0; path = "quartz 2d的练习.app"; sourceTree = BUILT_PRODUCTS_DIR; };
		2C25C45B2026ACEE00223223 /* AppDelegate.h */ = {isa = PBXFileReference; lastKnownFileType = sourcecode.c.h; path = AppDelegate.h; sourceTree = "<group>"; };
		2C25C45C2026ACEE00223223 /* AppDelegate.m */ = {isa = PBXFileReference; lastKnownFileType = sourcecode.c.objc; path = AppDelegate.m; sourceTree = "<group>"; };
		2C25C45E2026ACEE00223223 /* ViewController.h */ = {isa = PBXFileReference; lastKnownFileType = sourcecode.c.h; path = ViewController.h; sourceTree = "<group>"; };
		2C25C45F2026ACEE00223223 /* ViewController.m */ = {isa = PBXFileReference; lastKnownFileType = sourcecode.c.objc; path = ViewController.m; sourceTree = "<group>"; };
		2C25C4622026ACEE00223223 /* Base */ = {isa = PBXFileReference; lastKnownFileType = file.storyboard; name = Base; path = Base.lproj/Main.storyboard; sourceTree = "<group>"; };
		2C25C4642026ACEE00223223 /* Assets.xcassets */ = {isa = PBXFileReference; lastKnownFileType = folder.assetcatalog; path = Assets.xcassets; sourceTree = "<group>"; };
		2C25C4672026ACEE00223223 /* Base */ = {isa = PBXFileReference; lastKnownFileType = file.storyboard; name = Base; path = Base.lproj/LaunchScreen.storyboard; sourceTree = "<group>"; };
		2C25C4692026ACEE00223223 /* Info.plist */ = {isa = PBXFileReference; lastKnownFileType = text.plist.xml; path = Info.plist; sourceTree = "<group>"; };
		2C25C46A2026ACEE00223223 /* main.m */ = {isa = PBXFileReference; lastKnownFileType = sourcecode.c.objc; path = main.m; sourceTree = "<group>"; };
		2C25C4712026AF8100223223 /* RedView.h */ = {isa = PBXFileReference; lastKnownFileType = sourcecode.c.h; path = RedView.h; sourceTree = "<group>"; };
		2C25C4722026AF8100223223 /* RedView.m */ = {isa = PBXFileReference; lastKnownFileType = sourcecode.c.objc; path = RedView.m; sourceTree = "<group>"; };
		2CDA58E2202AA51E0022CFD8 /* LDGImageView.h */ = {isa = PBXFileReference; lastKnownFileType = sourcecode.c.h; path = LDGImageView.h; sourceTree = "<group>"; };
		2CDA58E3202AA51E0022CFD8 /* LDGImageView.m */ = {isa = PBXFileReference; lastKnownFileType = sourcecode.c.objc; path = LDGImageView.m; sourceTree = "<group>"; };
/* End PBXFileReference section */

/* Begin PBXFrameworksBuildPhase section */
		2C25C4552026ACEE00223223 /* Frameworks */ = {
			isa = PBXFrameworksBuildPhase;
			buildActionMask = 2147483647;
			files = (
			);
			runOnlyForDeploymentPostprocessing = 0;
		};
/* End PBXFrameworksBuildPhase section */

/* Begin PBXGroup section */
		2C25C44F2026ACEE00223223 = {
			isa = PBXGroup;
			children = (
				2C25C45A2026ACEE00223223 /* quartz 2d的练习 */,
				2C25C4592026ACEE00223223 /* Products */,
			);
			sourceTree = "<group>";
		};
		2C25C4592026ACEE00223223 /* Products */ = {
			isa = PBXGroup;
			children = (
				2C25C4582026ACEE00223223 /* quartz 2d的练习.app */,
			);
			name = Products;
			sourceTree = "<group>";
		};
		2C25C45A2026ACEE00223223 /* quartz 2d的练习 */ = {
			isa = PBXGroup;
			children = (
				2C25C45B2026ACEE00223223 /* AppDelegate.h */,
				2C25C45C2026ACEE00223223 /* AppDelegate.m */,
				2C25C45E2026ACEE00223223 /* ViewController.h */,
				2C25C45F2026ACEE00223223 /* ViewController.m */,
				1838787B203E507400E48C55 /* UIImage+image.h */,
				1838787C203E507400E48C55 /* UIImage+image.m */,
				188274EC203FE15500A3EFB1 /* GestureView.h */,
				188274ED203FE15500A3EFB1 /* GestureView.m */,
				2CDA58E2202AA51E0022CFD8 /* LDGImageView.h */,
				2CDA58E3202AA51E0022CFD8 /* LDGImageView.m */,
				2C25C4712026AF8100223223 /* RedView.h */,
				2C25C4722026AF8100223223 /* RedView.m */,
				2C25C4612026ACEE00223223 /* Main.storyboard */,
				2C25C4642026ACEE00223223 /* Assets.xcassets */,
				2C25C4662026ACEE00223223 /* LaunchScreen.storyboard */,
				2C25C4692026ACEE00223223 /* Info.plist */,
				2C25C46A2026ACEE00223223 /* main.m */,
			);
			path = "quartz 2d的练习";
			sourceTree = "<group>";
		};
/* End PBXGroup section */

/* Begin PBXNativeTarget section */
		2C25C4572026ACEE00223223 /* quartz 2d的练习 */ = {
			isa = PBXNativeTarget;
			buildConfigurationList = 2C25C46E2026ACEE00223223 /* Build configuration list for PBXNativeTarget "quartz 2d的练习" */;
			buildPhases = (
				2C25C4542026ACEE00223223 /* Sources */,
				2C25C4552026ACEE00223223 /* Frameworks */,
				2C25C4562026ACEE00223223 /* Resources */,
			);
			buildRules = (
			);
			dependencies = (
			);
			name = "quartz 2d的练习";
			productName = "quartz 2d的练习";
			productReference = 2C25C4582026ACEE00223223 /* quartz 2d的练习.app */;
			productType = "com.apple.product-type.application";
		};
/* End PBXNativeTarget section */

/* Begin PBXProject section */
		2C25C4502026ACEE00223223 /* Project object */ = {
			isa = PBXProject;
			attributes = {
				LastUpgradeCheck = 0920;
				ORGANIZATIONNAME = "刘殿阁";
				TargetAttributes = {
					2C25C4572026ACEE00223223 = {
						CreatedOnToolsVersion = 9.2;
						ProvisioningStyle = Automatic;
					};
				};
			};
			buildConfigurationList = 2C25C4532026ACEE00223223 /* Build configuration list for PBXProject "quartz 2d的练习" */;
			compatibilityVersion = "Xcode 8.0";
			developmentRegion = en;
			hasScannedForEncodings = 0;
			knownRegions = (
				en,
				Base,
			);
			mainGroup = 2C25C44F2026ACEE00223223;
			productRefGroup = 2C25C4592026ACEE00223223 /* Products */;
			projectDirPath = "";
			projectRoot = "";
			targets = (
				2C25C4572026ACEE00223223 /* quartz 2d的练习 */,
			);
		};
/* End PBXProject section */

/* Begin PBXResourcesBuildPhase section */
		2C25C4562026ACEE00223223 /* Resources */ = {
			isa = PBXResourcesBuildPhase;
			buildActionMask = 2147483647;
			files = (
				2C25C4682026ACEE00223223 /* LaunchScreen.storyboard in Resources */,
				2C25C4652026ACEE00223223 /* Assets.xcassets in Resources */,
				2C25C4632026ACEE00223223 /* Main.storyboard in Resources */,
			);
			runOnlyForDeploymentPostprocessing = 0;
		};
/* End PBXResourcesBuildPhase section */

/* Begin PBXSourcesBuildPhase section */
		2C25C4542026ACEE00223223 /* Sources */ = {
			isa = PBXSourcesBuildPhase;
			buildActionMask = 2147483647;
			files = (
				2C25C4602026ACEE00223223 /* ViewController.m in Sources */,
				2C25C46B2026ACEE00223223 /* main.m in Sources */,
				2C25C4732026AF8100223223 /* RedView.m in Sources */,
				2C25C45D2026ACEE00223223 /* AppDelegate.m in Sources */,
				2CDA58E4202AA51E0022CFD8 /* LDGImageView.m in Sources */,
				188274EE203FE15500A3EFB1 /* GestureView.m in Sources */,
				1838787D203E507400E48C55 /* UIImage+image.m in Sources */,
			);
			runOnlyForDeploymentPostprocessing = 0;
		};
/* End PBXSourcesBuildPhase section */

/* Begin PBXVariantGroup section */
		2C25C4612026ACEE00223223 /* Main.storyboard */ = {
			isa = PBXVariantGroup;
			children = (
				2C25C4622026ACEE00223223 /* Base */,
			);
			name = Main.storyboard;
			sourceTree = "<group>";
		};
		2C25C4662026ACEE00223223 /* LaunchScreen.storyboard */ = {
			isa = PBXVariantGroup;
			children = (
				2C25C4672026ACEE00223223 /* Base */,
			);
			name = LaunchScreen.storyboard;
			sourceTree = "<group>";
		};
/* End PBXVariantGroup section */

/* Begin XCBuildConfiguration section */
		2C25C46C2026ACEE00223223 /* Debug */ = {
			isa = XCBuildConfiguration;
			buildSettings = {
				ALWAYS_SEARCH_USER_PATHS = NO;
				CLANG_ANALYZER_NONNULL = YES;
				CLANG_ANALYZER_NUMBER_OBJECT_CONVERSION = YES_AGGRESSIVE;
				CLANG_CXX_LANGUAGE_STANDARD = "gnu++14";
				CLANG_CXX_LIBRARY = "libc++";
				CLANG_ENABLE_MODULES = YES;
				CLANG_ENABLE_OBJC_ARC = YES;
				CLANG_WARN_BLOCK_CAPTURE_AUTORELEASING = YES;
				CLANG_WARN_BOOL_CONVERSION = YES;
				CLANG_WARN_COMMA = YES;
				CLANG_WARN_CONSTANT_CONVERSION = YES;
				CLANG_WARN_DIRECT_OBJC_ISA_USAGE = YES_ERROR;
				CLANG_WARN_DOCUMENTATION_COMMENTS = YES;
				CLANG_WARN_EMPTY_BODY = YES;
				CLANG_WARN_ENUM_CONVERSION = YES;
				CLANG_WARN_INFINITE_RECURSION = YES;
				CLANG_WARN_INT_CONVERSION = YES;
				CLANG_WARN_NON_LITERAL_NULL_CONVERSION = YES;
				CLANG_WARN_OBJC_LITERAL_CONVERSION = YES;
				CLANG_WARN_OBJC_ROOT_CLASS = YES_ERROR;
				CLANG_WARN_RANGE_LOOP_ANALYSIS = YES;
				CLANG_WARN_STRICT_PROTOTYPES = YES;
				CLANG_WARN_SUSPICIOUS_MOVE = YES;
				CLANG_WARN_UNGUARDED_AVAILABILITY = YES_AGGRESSIVE;
				CLANG_WARN_UNREACHABLE_CODE = YES;
				CLANG_WARN__DUPLICATE_METHOD_MATCH = YES;
				CODE_SIGN_IDENTITY = "iPhone Developer";
				COPY_PHASE_STRIP = NO;
				DEBUG_INFORMATION_FORMAT = dwarf;
				ENABLE_STRICT_OBJC_MSGSEND = YES;
				ENABLE_TESTABILITY = YES;
				GCC_C_LANGUAGE_STANDARD = gnu11;
				GCC_DYNAMIC_NO_PIC = NO;
				GCC_NO_COMMON_BLOCKS = YES;
				GCC_OPTIMIZATION_LEVEL = 0;
				GCC_PREPROCESSOR_DEFINITIONS = (
					"DEBUG=1",
					"$(inherited)",
				);
				GCC_WARN_64_TO_32_BIT_CONVERSION = YES;
				GCC_WARN_ABOUT_RETURN_TYPE = YES_ERROR;
				GCC_WARN_UNDECLARED_SELECTOR = YES;
				GCC_WARN_UNINITIALIZED_AUTOS = YES_AGGRESSIVE;
				GCC_WARN_UNUSED_FUNCTION = YES;
				GCC_WARN_UNUSED_VARIABLE = YES;
				IPHONEOS_DEPLOYMENT_TARGET = 11.2;
				MTL_ENABLE_DEBUG_INFO = YES;
				ONLY_ACTIVE_ARCH = YES;
				SDKROOT = iphoneos;
			};
			name = Debug;
		};
		2C25C46D2026ACEE00223223 /* Release */ = {
			isa = XCBuildConfiguration;
			buildSettings = {
				ALWAYS_SEARCH_USER_PATHS = NO;
				CLANG_ANALYZER_NONNULL = YES;
				CLANG_ANALYZER_NUMBER_OBJECT_CONVERSION = YES_AGGRESSIVE;
				CLANG_CXX_LANGUAGE_STANDARD = "gnu++14";
				CLANG_CXX_LIBRARY = "libc++";
				CLANG_ENABLE_MODULES = YES;
				CLANG_ENABLE_OBJC_ARC = YES;
				CLANG_WARN_BLOCK_CAPTURE_AUTORELEASING = YES;
				CLANG_WARN_BOOL_CONVERSION = YES;
				CLANG_WARN_COMMA = YES;
				CLANG_WARN_CONSTANT_CONVERSION = YES;
				CLANG_WARN_DIRECT_OBJC_ISA_USAGE = YES_ERROR;
				CLANG_WARN_DOCUMENTATION_COMMENTS = YES;
				CLANG_WARN_EMPTY_BODY = YES;
				CLANG_WARN_ENUM_CONVERSION = YES;
				CLANG_WARN_INFINITE_RECURSION = YES;
				CLANG_WARN_INT_CONVERSION = YES;
				CLANG_WARN_NON_LITERAL_NULL_CONVERSION = YES;
				CLANG_WARN_OBJC_LITERAL_CONVERSION = YES;
				CLANG_WARN_OBJC_ROOT_CLASS = YES_ERROR;
				CLANG_WARN_RANGE_LOOP_ANALYSIS = YES;
				CLANG_WARN_STRICT_PROTOTYPES = YES;
				CLANG_WARN_SUSPICIOUS_MOVE = YES;
				CLANG_WARN_UNGUARDED_AVAILABILITY = YES_AGGRESSIVE;
				CLANG_WARN_UNREACHABLE_CODE = YES;
				CLANG_WARN__DUPLICATE_METHOD_MATCH = YES;
				CODE_SIGN_IDENTITY = "iPhone Developer";
				COPY_PHASE_STRIP = NO;
				DEBUG_INFORMATION_FORMAT = "dwarf-with-dsym";
				ENABLE_NS_ASSERTIONS = NO;
				ENABLE_STRICT_OBJC_MSGSEND = YES;
				GCC_C_LANGUAGE_STANDARD = gnu11;
				GCC_NO_COMMON_BLOCKS = YES;
				GCC_WARN_64_TO_32_BIT_CONVERSION = YES;
				GCC_WARN_ABOUT_RETURN_TYPE = YES_ERROR;
				GCC_WARN_UNDECLARED_SELECTOR = YES;
				GCC_WARN_UNINITIALIZED_AUTOS = YES_AGGRESSIVE;
				GCC_WARN_UNUSED_FUNCTION = YES;
				GCC_WARN_UNUSED_VARIABLE = YES;
				IPHONEOS_DEPLOYMENT_TARGET = 11.2;
				MTL_ENABLE_DEBUG_INFO = NO;
				SDKROOT = iphoneos;
				VALIDATE_PRODUCT = YES;
			};
			name = Release;
		};
		2C25C46F2026ACEE00223223 /* Debug */ = {
			isa = XCBuildConfiguration;
			buildSettings = {
				ASSETCATALOG_COMPILER_APPICON_NAME = AppIcon;
				CODE_SIGN_STYLE = Automatic;
				DEVELOPMENT_TEAM = 328H572F92;
				INFOPLIST_FILE = "quartz 2d的练习/Info.plist";
				LD_RUNPATH_SEARCH_PATHS = "$(inherited) @executable_path/Frameworks";
				PRODUCT_BUNDLE_IDENTIFIER = "com.my.oct.quartz-2d---";
				PRODUCT_NAME = "$(TARGET_NAME)";
				TARGETED_DEVICE_FAMILY = "1,2";
			};
			name = Debug;
		};
		2C25C4702026ACEE00223223 /* Release */ = {
			isa = XCBuildConfiguration;
			buildSettings = {
				ASSETCATALOG_COMPILER_APPICON_NAME = AppIcon;
				CODE_SIGN_STYLE = Automatic;
				DEVELOPMENT_TEAM = 328H572F92;
				INFOPLIST_FILE = "quartz 2d的练习/Info.plist";
				LD_RUNPATH_SEARCH_PATHS = "$(inherited) @executable_path/Frameworks";
				PRODUCT_BUNDLE_IDENTIFIER = "com.my.oct.quartz-2d---";
				PRODUCT_NAME = "$(TARGET_NAME)";
				TARGETED_DEVICE_FAMILY = "1,2";
			};
			name = Release;
		};
/* End XCBuildConfiguration section */

/* Begin XCConfigurationList section */
		2C25C4532026ACEE00223223 /* Build configuration list for PBXProject "quartz 2d的练习" */ = {
			isa = XCConfigurationList;
			buildConfigurations = (
				2C25C46C2026ACEE00223223 /* Debug */,
				2C25C46D2026ACEE00223223 /* Release */,
			);
			defaultConfigurationIsVisible = 0;
			defaultConfigurationName = Release;
		};
		2C25C46E2026ACEE00223223 /* Build configuration list for PBXNativeTarget "quartz 2d的练习" */ = {
			isa = XCConfigurationList;
			buildConfigurations = (
				2C25C46F2026ACEE00223223 /* Debug */,
				2C25C4702026ACEE00223223 /* Release */,
			);
			defaultConfigurationIsVisible = 0;
			defaultConfigurationName = Release;
		};
/* End XCConfigurationList section */
	};
	rootObject = 2C25C4502026ACEE00223223 /* Project object */;
}
