// !$*UTF8*$!
{
	archiveVersion = 1;
	classes = {
	};
	objectVersion = 48;
	objects = {

/* Begin PBXBuildFile section */
		185B4D7B20463E5700898AB7 /* AppDelegate.m in Sources */ = {isa = PBXBuildFile; fileRef = 185B4D7A20463E5700898AB7 /* AppDelegate.m */; };
		185B4D7E20463E5700898AB7 /* ViewController.m in Sources */ = {isa = PBXBuildFile; fileRef = 185B4D7D20463E5700898AB7 /* ViewController.m */; };
		185B4D8120463E5700898AB7 /* Main.storyboard in Resources */ = {isa = PBXBuildFile; fileRef = 185B4D7F20463E5700898AB7 /* Main.storyboard */; };
		185B4D8320463E5700898AB7 /* Assets.xcassets in Resources */ = {isa = PBXBuildFile; fileRef = 185B4D8220463E5700898AB7 /* Assets.xcassets */; };
		185B4D8620463E5700898AB7 /* LaunchScreen.storyboard in Resources */ = {isa = PBXBuildFile; fileRef = 185B4D8420463E5700898AB7 /* LaunchScreen.storyboard */; };
		185B4D8920463E5700898AB7 /* main.m in Sources */ = {isa = PBXBuildFile; fileRef = 185B4D8820463E5700898AB7 /* main.m */; };
/* End PBXBuildFile section */

/* Begin PBXFileReference section */
		185B4D7620463E5700898AB7 /* CoreBlueToothCenter.app */ = {isa = PBXFileReference; explicitFileType = wrapper.application; includeInIndex = 0; path = CoreBlueToothCenter.app; sourceTree = BUILT_PRODUCTS_DIR; };
		185B4D7920463E5700898AB7 /* AppDelegate.h */ = {isa = PBXFileReference; lastKnownFileType = sourcecode.c.h; path = AppDelegate.h; sourceTree = "<group>"; };
		185B4D7A20463E5700898AB7 /* AppDelegate.m */ = {isa = PBXFileReference; lastKnownFileType = sourcecode.c.objc; path = AppDelegate.m; sourceTree = "<group>"; };
		185B4D7C20463E5700898AB7 /* ViewController.h */ = {isa = PBXFileReference; lastKnownFileType = sourcecode.c.h; path = ViewController.h; sourceTree = "<group>"; };
		185B4D7D20463E5700898AB7 /* ViewController.m */ = {isa = PBXFileReference; lastKnownFileType = sourcecode.c.objc; path = ViewController.m; sourceTree = "<group>"; };
		185B4D8020463E5700898AB7 /* Base */ = {isa = PBXFileReference; lastKnownFileType = file.storyboard; name = Base; path = Base.lproj/Main.storyboard; sourceTree = "<group>"; };
		185B4D8220463E5700898AB7 /* Assets.xcassets */ = {isa = PBXFileReference; lastKnownFileType = folder.assetcatalog; path = Assets.xcassets; sourceTree = "<group>"; };
		185B4D8520463E5700898AB7 /* Base */ = {isa = PBXFileReference; lastKnownFileType = file.storyboard; name = Base; path = Base.lproj/LaunchScreen.storyboard; sourceTree = "<group>"; };
		185B4D8720463E5700898AB7 /* Info.plist */ = {isa = PBXFileReference; lastKnownFileType = text.plist.xml; path = Info.plist; sourceTree = "<group>"; };
		185B4D8820463E5700898AB7 /* main.m */ = {isa = PBXFileReference; lastKnownFileType = sourcecode.c.objc; path = main.m; sourceTree = "<group>"; };
/* End PBXFileReference section */

/* Begin PBXFrameworksBuildPhase section */
		185B4D7320463E5700898AB7 /* Frameworks */ = {
			isa = PBXFrameworksBuildPhase;
			buildActionMask = 2147483647;
			files = (
			);
			runOnlyForDeploymentPostprocessing = 0;
		};
/* End PBXFrameworksBuildPhase section */

/* Begin PBXGroup section */
		185B4D6D20463E5700898AB7 = {
			isa = PBXGroup;
			children = (
				185B4D7820463E5700898AB7 /* CoreBlueToothCenter */,
				185B4D7720463E5700898AB7 /* Products */,
			);
			sourceTree = "<group>";
		};
		185B4D7720463E5700898AB7 /* Products */ = {
			isa = PBXGroup;
			children = (
				185B4D7620463E5700898AB7 /* CoreBlueToothCenter.app */,
			);
			name = Products;
			sourceTree = "<group>";
		};
		185B4D7820463E5700898AB7 /* CoreBlueToothCenter */ = {
			isa = PBXGroup;
			children = (
				185B4D7920463E5700898AB7 /* AppDelegate.h */,
				185B4D7A20463E5700898AB7 /* AppDelegate.m */,
				185B4D7C20463E5700898AB7 /* ViewController.h */,
				185B4D7D20463E5700898AB7 /* ViewController.m */,
				185B4D7F20463E5700898AB7 /* Main.storyboard */,
				185B4D8220463E5700898AB7 /* Assets.xcassets */,
				185B4D8420463E5700898AB7 /* LaunchScreen.storyboard */,
				185B4D8720463E5700898AB7 /* Info.plist */,
				185B4D8820463E5700898AB7 /* main.m */,
			);
			path = CoreBlueToothCenter;
			sourceTree = "<group>";
		};
/* End PBXGroup section */

/* Begin PBXNativeTarget section */
		185B4D7520463E5700898AB7 /* CoreBlueToothCenter */ = {
			isa = PBXNativeTarget;
			buildConfigurationList = 185B4D8C20463E5700898AB7 /* Build configuration list for PBXNativeTarget "CoreBlueToothCenter" */;
			buildPhases = (
				185B4D7220463E5700898AB7 /* Sources */,
				185B4D7320463E5700898AB7 /* Frameworks */,
				185B4D7420463E5700898AB7 /* Resources */,
			);
			buildRules = (
			);
			dependencies = (
			);
			name = CoreBlueToothCenter;
			productName = CoreBlueToothCenter;
			productReference = 185B4D7620463E5700898AB7 /* CoreBlueToothCenter.app */;
			productType = "com.apple.product-type.application";
		};
/* End PBXNativeTarget section */

/* Begin PBXProject section */
		185B4D6E20463E5700898AB7 /* Project object */ = {
			isa = PBXProject;
			attributes = {
				LastUpgradeCheck = 0920;
				ORGANIZATIONNAME = apple;
				TargetAttributes = {
					185B4D7520463E5700898AB7 = {
						CreatedOnToolsVersion = 9.2;
						ProvisioningStyle = Automatic;
					};
				};
			};
			buildConfigurationList = 185B4D7120463E5700898AB7 /* Build configuration list for PBXProject "CoreBlueToothCenter" */;
			compatibilityVersion = "Xcode 8.0";
			developmentRegion = en;
			hasScannedForEncodings = 0;
			knownRegions = (
				en,
				Base,
			);
			mainGroup = 185B4D6D20463E5700898AB7;
			productRefGroup = 185B4D7720463E5700898AB7 /* Products */;
			projectDirPath = "";
			projectRoot = "";
			targets = (
				185B4D7520463E5700898AB7 /* CoreBlueToothCenter */,
			);
		};
/* End PBXProject section */

/* Begin PBXResourcesBuildPhase section */
		185B4D7420463E5700898AB7 /* Resources */ = {
			isa = PBXResourcesBuildPhase;
			buildActionMask = 2147483647;
			files = (
				185B4D8620463E5700898AB7 /* LaunchScreen.storyboard in Resources */,
				185B4D8320463E5700898AB7 /* Assets.xcassets in Resources */,
				185B4D8120463E5700898AB7 /* Main.storyboard in Resources */,
			);
			runOnlyForDeploymentPostprocessing = 0;
		};
/* End PBXResourcesBuildPhase section */

/* Begin PBXSourcesBuildPhase section */
		185B4D7220463E5700898AB7 /* Sources */ = {
			isa = PBXSourcesBuildPhase;
			buildActionMask = 2147483647;
			files = (
				185B4D7E20463E5700898AB7 /* ViewController.m in Sources */,
				185B4D8920463E5700898AB7 /* main.m in Sources */,
				185B4D7B20463E5700898AB7 /* AppDelegate.m in Sources */,
			);
			runOnlyForDeploymentPostprocessing = 0;
		};
/* End PBXSourcesBuildPhase section */

/* Begin PBXVariantGroup section */
		185B4D7F20463E5700898AB7 /* Main.storyboard */ = {
			isa = PBXVariantGroup;
			children = (
				185B4D8020463E5700898AB7 /* Base */,
			);
			name = Main.storyboard;
			sourceTree = "<group>";
		};
		185B4D8420463E5700898AB7 /* LaunchScreen.storyboard */ = {
			isa = PBXVariantGroup;
			children = (
				185B4D8520463E5700898AB7 /* Base */,
			);
			name = LaunchScreen.storyboard;
			sourceTree = "<group>";
		};
/* End PBXVariantGroup section */

/* Begin XCBuildConfiguration section */
		185B4D8A20463E5700898AB7 /* Debug */ = {
			isa = XCBuildConfiguration;
			buildSettings = {
				ALWAYS_SEARCH_USER_PATHS = NO;
				CLANG_ANALYZER_NONNULL = YES;
				CLANG_ANALYZER_NUMBER_OBJECT_CONVERSION = YES_AGGRESSIVE;
				CLANG_CXX_LANGUAGE_STANDARD = "gnu++14";
				CLANG_CXX_LIBRARY = "libc++";
				CLANG_ENABLE_MODULES = YES;
				CLANG_ENABLE_OBJC_ARC = YES;
				CLANG_WARN_BLOCK_CAPTURE_AUTORELEASING = YES;
				CLANG_WARN_BOOL_CONVERSION = YES;
				CLANG_WARN_COMMA = YES;
				CLANG_WARN_CONSTANT_CONVERSION = YES;
				CLANG_WARN_DIRECT_OBJC_ISA_USAGE = YES_ERROR;
				CLANG_WARN_DOCUMENTATION_COMMENTS = YES;
				CLANG_WARN_EMPTY_BODY = YES;
				CLANG_WARN_ENUM_CONVERSION = YES;
				CLANG_WARN_INFINITE_RECURSION = YES;
				CLANG_WARN_INT_CONVERSION = YES;
				CLANG_WARN_NON_LITERAL_NULL_CONVERSION = YES;
				CLANG_WARN_OBJC_LITERAL_CONVERSION = YES;
				CLANG_WARN_OBJC_ROOT_CLASS = YES_ERROR;
				CLANG_WARN_RANGE_LOOP_ANALYSIS = YES;
				CLANG_WARN_STRICT_PROTOTYPES = YES;
				CLANG_WARN_SUSPICIOUS_MOVE = YES;
				CLANG_WARN_UNGUARDED_AVAILABILITY = YES_AGGRESSIVE;
				CLANG_WARN_UNREACHABLE_CODE = YES;
				CLANG_WARN__DUPLICATE_METHOD_MATCH = YES;
				CODE_SIGN_IDENTITY = "iPhone Developer";
				COPY_PHASE_STRIP = NO;
				DEBUG_INFORMATION_FORMAT = dwarf;
				ENABLE_STRICT_OBJC_MSGSEND = YES;
				ENABLE_TESTABILITY = YES;
				GCC_C_LANGUAGE_STANDARD = gnu11;
				GCC_DYNAMIC_NO_PIC = NO;
				GCC_NO_COMMON_BLOCKS = YES;
				GCC_OPTIMIZATION_LEVEL = 0;
				GCC_PREPROCESSOR_DEFINITIONS = (
					"DEBUG=1",
					"$(inherited)",
				);
				GCC_WARN_64_TO_32_BIT_CONVERSION = YES;
				GCC_WARN_ABOUT_RETURN_TYPE = YES_ERROR;
				GCC_WARN_UNDECLARED_SELECTOR = YES;
				GCC_WARN_UNINITIALIZED_AUTOS = YES_AGGRESSIVE;
				GCC_WARN_UNUSED_FUNCTION = YES;
				GCC_WARN_UNUSED_VARIABLE = YES;
				IPHONEOS_DEPLOYMENT_TARGET = 11.2;
				MTL_ENABLE_DEBUG_INFO = YES;
				ONLY_ACTIVE_ARCH = YES;
				SDKROOT = iphoneos;
			};
			name = Debug;
		};
		185B4D8B20463E5700898AB7 /* Release */ = {
			isa = XCBuildConfiguration;
			buildSettings = {
				ALWAYS_SEARCH_USER_PATHS = NO;
				CLANG_ANALYZER_NONNULL = YES;
				CLANG_ANALYZER_NUMBER_OBJECT_CONVERSION = YES_AGGRESSIVE;
				CLANG_CXX_LANGUAGE_STANDARD = "gnu++14";
				CLANG_CXX_LIBRARY = "libc++";
				CLANG_ENABLE_MODULES = YES;
				CLANG_ENABLE_OBJC_ARC = YES;
				CLANG_WARN_BLOCK_CAPTURE_AUTORELEASING = YES;
				CLANG_WARN_BOOL_CONVERSION = YES;
				CLANG_WARN_COMMA = YES;
				CLANG_WARN_CONSTANT_CONVERSION = YES;
				CLANG_WARN_DIRECT_OBJC_ISA_USAGE = YES_ERROR;
				CLANG_WARN_DOCUMENTATION_COMMENTS = YES;
				CLANG_WARN_EMPTY_BODY = YES;
				CLANG_WARN_ENUM_CONVERSION = YES;
				CLANG_WARN_INFINITE_RECURSION = YES;
				CLANG_WARN_INT_CONVERSION = YES;
				CLANG_WARN_NON_LITERAL_NULL_CONVERSION = YES;
				CLANG_WARN_OBJC_LITERAL_CONVERSION = YES;
				CLANG_WARN_OBJC_ROOT_CLASS = YES_ERROR;
				CLANG_WARN_RANGE_LOOP_ANALYSIS = YES;
				CLANG_WARN_STRICT_PROTOTYPES = YES;
				CLANG_WARN_SUSPICIOUS_MOVE = YES;
				CLANG_WARN_UNGUARDED_AVAILABILITY = YES_AGGRESSIVE;
				CLANG_WARN_UNREACHABLE_CODE = YES;
				CLANG_WARN__DUPLICATE_METHOD_MATCH = YES;
				CODE_SIGN_IDENTITY = "iPhone Developer";
				COPY_PHASE_STRIP = NO;
				DEBUG_INFORMATION_FORMAT = "dwarf-with-dsym";
				ENABLE_NS_ASSERTIONS = NO;
				ENABLE_STRICT_OBJC_MSGSEND = YES;
				GCC_C_LANGUAGE_STANDARD = gnu11;
				GCC_NO_COMMON_BLOCKS = YES;
				GCC_WARN_64_TO_32_BIT_CONVERSION = YES;
				GCC_WARN_ABOUT_RETURN_TYPE = YES_ERROR;
				GCC_WARN_UNDECLARED_SELECTOR = YES;
				GCC_WARN_UNINITIALIZED_AUTOS = YES_AGGRESSIVE;
				GCC_WARN_UNUSED_FUNCTION = YES;
				GCC_WARN_UNUSED_VARIABLE = YES;
				IPHONEOS_DEPLOYMENT_TARGET = 11.2;
				MTL_ENABLE_DEBUG_INFO = NO;
				SDKROOT = iphoneos;
				VALIDATE_PRODUCT = YES;
			};
			name = Release;
		};
		185B4D8D20463E5700898AB7 /* Debug */ = {
			isa = XCBuildConfiguration;
			buildSettings = {
				ASSETCATALOG_COMPILER_APPICON_NAME = AppIcon;
				CODE_SIGN_STYLE = Automatic;
				INFOPLIST_FILE = CoreBlueToothCenter/Info.plist;
				LD_RUNPATH_SEARCH_PATHS = "$(inherited) @executable_path/Frameworks";
				PRODUCT_BUNDLE_IDENTIFIER = com.my.computer.ABC.CoreBlueToothCenter;
				PRODUCT_NAME = "$(TARGET_NAME)";
				TARGETED_DEVICE_FAMILY = "1,2";
			};
			name = Debug;
		};
		185B4D8E20463E5700898AB7 /* Release */ = {
			isa = XCBuildConfiguration;
			buildSettings = {
				ASSETCATALOG_COMPILER_APPICON_NAME = AppIcon;
				CODE_SIGN_STYLE = Automatic;
				INFOPLIST_FILE = CoreBlueToothCenter/Info.plist;
				LD_RUNPATH_SEARCH_PATHS = "$(inherited) @executable_path/Frameworks";
				PRODUCT_BUNDLE_IDENTIFIER = com.my.computer.ABC.CoreBlueToothCenter;
				PRODUCT_NAME = "$(TARGET_NAME)";
				TARGETED_DEVICE_FAMILY = "1,2";
			};
			name = Release;
		};
/* End XCBuildConfiguration section */

/* Begin XCConfigurationList section */
		185B4D7120463E5700898AB7 /* Build configuration list for PBXProject "CoreBlueToothCenter" */ = {
			isa = XCConfigurationList;
			buildConfigurations = (
				185B4D8A20463E5700898AB7 /* Debug */,
				185B4D8B20463E5700898AB7 /* Release */,
			);
			defaultConfigurationIsVisible = 0;
			defaultConfigurationName = Release;
		};
		185B4D8C20463E5700898AB7 /* Build configuration list for PBXNativeTarget "CoreBlueToothCenter" */ = {
			isa = XCConfigurationList;
			buildConfigurations = (
				185B4D8D20463E5700898AB7 /* Debug */,
				185B4D8E20463E5700898AB7 /* Release */,
			);
			defaultConfigurationIsVisible = 0;
			defaultConfigurationName = Release;
		};
/* End XCConfigurationList section */
	};
	rootObject = 185B4D6E20463E5700898AB7 /* Project object */;
}
