// !$*UTF8*$!
{
	archiveVersion = 1;
	classes = {
	};
	objectVersion = 48;
	objects = {

/* Begin PBXBuildFile section */
		18757841208EDA7D00327800 /* AppDelegate.m in Sources */ = {isa = PBXBuildFile; fileRef = 18757840208EDA7D00327800 /* AppDelegate.m */; };
		18757844208EDA7D00327800 /* ViewController.m in Sources */ = {isa = PBXBuildFile; fileRef = 18757843208EDA7D00327800 /* ViewController.m */; };
		18757847208EDA7D00327800 /* Main.storyboard in Resources */ = {isa = PBXBuildFile; fileRef = 18757845208EDA7D00327800 /* Main.storyboard */; };
		18757849208EDA7D00327800 /* Assets.xcassets in Resources */ = {isa = PBXBuildFile; fileRef = 18757848208EDA7D00327800 /* Assets.xcassets */; };
		1875784C208EDA7D00327800 /* LaunchScreen.storyboard in Resources */ = {isa = PBXBuildFile; fileRef = 1875784A208EDA7D00327800 /* LaunchScreen.storyboard */; };
		1875784F208EDA7D00327800 /* main.m in Sources */ = {isa = PBXBuildFile; fileRef = 1875784E208EDA7D00327800 /* main.m */; };
/* End PBXBuildFile section */

/* Begin PBXFileReference section */
		1875783C208EDA7C00327800 /* 联系人.app */ = {isa = PBXFileReference; explicitFileType = wrapper.application; includeInIndex = 0; path = "联系人.app"; sourceTree = BUILT_PRODUCTS_DIR; };
		1875783F208EDA7D00327800 /* AppDelegate.h */ = {isa = PBXFileReference; lastKnownFileType = sourcecode.c.h; path = AppDelegate.h; sourceTree = "<group>"; };
		18757840208EDA7D00327800 /* AppDelegate.m */ = {isa = PBXFileReference; lastKnownFileType = sourcecode.c.objc; path = AppDelegate.m; sourceTree = "<group>"; };
		18757842208EDA7D00327800 /* ViewController.h */ = {isa = PBXFileReference; lastKnownFileType = sourcecode.c.h; path = ViewController.h; sourceTree = "<group>"; };
		18757843208EDA7D00327800 /* ViewController.m */ = {isa = PBXFileReference; lastKnownFileType = sourcecode.c.objc; path = ViewController.m; sourceTree = "<group>"; };
		18757846208EDA7D00327800 /* Base */ = {isa = PBXFileReference; lastKnownFileType = file.storyboard; name = Base; path = Base.lproj/Main.storyboard; sourceTree = "<group>"; };
		18757848208EDA7D00327800 /* Assets.xcassets */ = {isa = PBXFileReference; lastKnownFileType = folder.assetcatalog; path = Assets.xcassets; sourceTree = "<group>"; };
		1875784B208EDA7D00327800 /* Base */ = {isa = PBXFileReference; lastKnownFileType = file.storyboard; name = Base; path = Base.lproj/LaunchScreen.storyboard; sourceTree = "<group>"; };
		1875784D208EDA7D00327800 /* Info.plist */ = {isa = PBXFileReference; lastKnownFileType = text.plist.xml; path = Info.plist; sourceTree = "<group>"; };
		1875784E208EDA7D00327800 /* main.m */ = {isa = PBXFileReference; lastKnownFileType = sourcecode.c.objc; path = main.m; sourceTree = "<group>"; };
/* End PBXFileReference section */

/* Begin PBXFrameworksBuildPhase section */
		18757839208EDA7C00327800 /* Frameworks */ = {
			isa = PBXFrameworksBuildPhase;
			buildActionMask = 2147483647;
			files = (
			);
			runOnlyForDeploymentPostprocessing = 0;
		};
/* End PBXFrameworksBuildPhase section */

/* Begin PBXGroup section */
		18757833208EDA7C00327800 = {
			isa = PBXGroup;
			children = (
				1875783E208EDA7C00327800 /* 联系人 */,
				1875783D208EDA7C00327800 /* Products */,
			);
			sourceTree = "<group>";
		};
		1875783D208EDA7C00327800 /* Products */ = {
			isa = PBXGroup;
			children = (
				1875783C208EDA7C00327800 /* 联系人.app */,
			);
			name = Products;
			sourceTree = "<group>";
		};
		1875783E208EDA7C00327800 /* 联系人 */ = {
			isa = PBXGroup;
			children = (
				1875783F208EDA7D00327800 /* AppDelegate.h */,
				18757840208EDA7D00327800 /* AppDelegate.m */,
				18757842208EDA7D00327800 /* ViewController.h */,
				18757843208EDA7D00327800 /* ViewController.m */,
				18757845208EDA7D00327800 /* Main.storyboard */,
				18757848208EDA7D00327800 /* Assets.xcassets */,
				1875784A208EDA7D00327800 /* LaunchScreen.storyboard */,
				1875784D208EDA7D00327800 /* Info.plist */,
				1875784E208EDA7D00327800 /* main.m */,
			);
			path = "联系人";
			sourceTree = "<group>";
		};
/* End PBXGroup section */

/* Begin PBXNativeTarget section */
		1875783B208EDA7C00327800 /* 联系人 */ = {
			isa = PBXNativeTarget;
			buildConfigurationList = 18757852208EDA7D00327800 /* Build configuration list for PBXNativeTarget "联系人" */;
			buildPhases = (
				18757838208EDA7C00327800 /* Sources */,
				18757839208EDA7C00327800 /* Frameworks */,
				1875783A208EDA7C00327800 /* Resources */,
			);
			buildRules = (
			);
			dependencies = (
			);
			name = "联系人";
			productName = "联系人";
			productReference = 1875783C208EDA7C00327800 /* 联系人.app */;
			productType = "com.apple.product-type.application";
		};
/* End PBXNativeTarget section */

/* Begin PBXProject section */
		18757834208EDA7C00327800 /* Project object */ = {
			isa = PBXProject;
			attributes = {
				LastUpgradeCheck = 0920;
				ORGANIZATIONNAME = apple;
				TargetAttributes = {
					1875783B208EDA7C00327800 = {
						CreatedOnToolsVersion = 9.2;
						ProvisioningStyle = Automatic;
					};
				};
			};
			buildConfigurationList = 18757837208EDA7C00327800 /* Build configuration list for PBXProject "联系人" */;
			compatibilityVersion = "Xcode 8.0";
			developmentRegion = en;
			hasScannedForEncodings = 0;
			knownRegions = (
				en,
				Base,
			);
			mainGroup = 18757833208EDA7C00327800;
			productRefGroup = 1875783D208EDA7C00327800 /* Products */;
			projectDirPath = "";
			projectRoot = "";
			targets = (
				1875783B208EDA7C00327800 /* 联系人 */,
			);
		};
/* End PBXProject section */

/* Begin PBXResourcesBuildPhase section */
		1875783A208EDA7C00327800 /* Resources */ = {
			isa = PBXResourcesBuildPhase;
			buildActionMask = 2147483647;
			files = (
				1875784C208EDA7D00327800 /* LaunchScreen.storyboard in Resources */,
				18757849208EDA7D00327800 /* Assets.xcassets in Resources */,
				18757847208EDA7D00327800 /* Main.storyboard in Resources */,
			);
			runOnlyForDeploymentPostprocessing = 0;
		};
/* End PBXResourcesBuildPhase section */

/* Begin PBXSourcesBuildPhase section */
		18757838208EDA7C00327800 /* Sources */ = {
			isa = PBXSourcesBuildPhase;
			buildActionMask = 2147483647;
			files = (
				18757844208EDA7D00327800 /* ViewController.m in Sources */,
				1875784F208EDA7D00327800 /* main.m in Sources */,
				18757841208EDA7D00327800 /* AppDelegate.m in Sources */,
			);
			runOnlyForDeploymentPostprocessing = 0;
		};
/* End PBXSourcesBuildPhase section */

/* Begin PBXVariantGroup section */
		18757845208EDA7D00327800 /* Main.storyboard */ = {
			isa = PBXVariantGroup;
			children = (
				18757846208EDA7D00327800 /* Base */,
			);
			name = Main.storyboard;
			sourceTree = "<group>";
		};
		1875784A208EDA7D00327800 /* LaunchScreen.storyboard */ = {
			isa = PBXVariantGroup;
			children = (
				1875784B208EDA7D00327800 /* Base */,
			);
			name = LaunchScreen.storyboard;
			sourceTree = "<group>";
		};
/* End PBXVariantGroup section */

/* Begin XCBuildConfiguration section */
		18757850208EDA7D00327800 /* Debug */ = {
			isa = XCBuildConfiguration;
			buildSettings = {
				ALWAYS_SEARCH_USER_PATHS = NO;
				CLANG_ANALYZER_NONNULL = YES;
				CLANG_ANALYZER_NUMBER_OBJECT_CONVERSION = YES_AGGRESSIVE;
				CLANG_CXX_LANGUAGE_STANDARD = "gnu++14";
				CLANG_CXX_LIBRARY = "libc++";
				CLANG_ENABLE_MODULES = YES;
				CLANG_ENABLE_OBJC_ARC = YES;
				CLANG_WARN_BLOCK_CAPTURE_AUTORELEASING = YES;
				CLANG_WARN_BOOL_CONVERSION = YES;
				CLANG_WARN_COMMA = YES;
				CLANG_WARN_CONSTANT_CONVERSION = YES;
				CLANG_WARN_DIRECT_OBJC_ISA_USAGE = YES_ERROR;
				CLANG_WARN_DOCUMENTATION_COMMENTS = YES;
				CLANG_WARN_EMPTY_BODY = YES;
				CLANG_WARN_ENUM_CONVERSION = YES;
				CLANG_WARN_INFINITE_RECURSION = YES;
				CLANG_WARN_INT_CONVERSION = YES;
				CLANG_WARN_NON_LITERAL_NULL_CONVERSION = YES;
				CLANG_WARN_OBJC_LITERAL_CONVERSION = YES;
				CLANG_WARN_OBJC_ROOT_CLASS = YES_ERROR;
				CLANG_WARN_RANGE_LOOP_ANALYSIS = YES;
				CLANG_WARN_STRICT_PROTOTYPES = YES;
				CLANG_WARN_SUSPICIOUS_MOVE = YES;
				CLANG_WARN_UNGUARDED_AVAILABILITY = YES_AGGRESSIVE;
				CLANG_WARN_UNREACHABLE_CODE = YES;
				CLANG_WARN__DUPLICATE_METHOD_MATCH = YES;
				CODE_SIGN_IDENTITY = "iPhone Developer";
				COPY_PHASE_STRIP = NO;
				DEBUG_INFORMATION_FORMAT = dwarf;
				ENABLE_STRICT_OBJC_MSGSEND = YES;
				ENABLE_TESTABILITY = YES;
				GCC_C_LANGUAGE_STANDARD = gnu11;
				GCC_DYNAMIC_NO_PIC = NO;
				GCC_NO_COMMON_BLOCKS = YES;
				GCC_OPTIMIZATION_LEVEL = 0;
				GCC_PREPROCESSOR_DEFINITIONS = (
					"DEBUG=1",
					"$(inherited)",
				);
				GCC_WARN_64_TO_32_BIT_CONVERSION = YES;
				GCC_WARN_ABOUT_RETURN_TYPE = YES_ERROR;
				GCC_WARN_UNDECLARED_SELECTOR = YES;
				GCC_WARN_UNINITIALIZED_AUTOS = YES_AGGRESSIVE;
				GCC_WARN_UNUSED_FUNCTION = YES;
				GCC_WARN_UNUSED_VARIABLE = YES;
				IPHONEOS_DEPLOYMENT_TARGET = 11.2;
				MTL_ENABLE_DEBUG_INFO = YES;
				ONLY_ACTIVE_ARCH = YES;
				SDKROOT = iphoneos;
			};
			name = Debug;
		};
		18757851208EDA7D00327800 /* Release */ = {
			isa = XCBuildConfiguration;
			buildSettings = {
				ALWAYS_SEARCH_USER_PATHS = NO;
				CLANG_ANALYZER_NONNULL = YES;
				CLANG_ANALYZER_NUMBER_OBJECT_CONVERSION = YES_AGGRESSIVE;
				CLANG_CXX_LANGUAGE_STANDARD = "gnu++14";
				CLANG_CXX_LIBRARY = "libc++";
				CLANG_ENABLE_MODULES = YES;
				CLANG_ENABLE_OBJC_ARC = YES;
				CLANG_WARN_BLOCK_CAPTURE_AUTORELEASING = YES;
				CLANG_WARN_BOOL_CONVERSION = YES;
				CLANG_WARN_COMMA = YES;
				CLANG_WARN_CONSTANT_CONVERSION = YES;
				CLANG_WARN_DIRECT_OBJC_ISA_USAGE = YES_ERROR;
				CLANG_WARN_DOCUMENTATION_COMMENTS = YES;
				CLANG_WARN_EMPTY_BODY = YES;
				CLANG_WARN_ENUM_CONVERSION = YES;
				CLANG_WARN_INFINITE_RECURSION = YES;
				CLANG_WARN_INT_CONVERSION = YES;
				CLANG_WARN_NON_LITERAL_NULL_CONVERSION = YES;
				CLANG_WARN_OBJC_LITERAL_CONVERSION = YES;
				CLANG_WARN_OBJC_ROOT_CLASS = YES_ERROR;
				CLANG_WARN_RANGE_LOOP_ANALYSIS = YES;
				CLANG_WARN_STRICT_PROTOTYPES = YES;
				CLANG_WARN_SUSPICIOUS_MOVE = YES;
				CLANG_WARN_UNGUARDED_AVAILABILITY = YES_AGGRESSIVE;
				CLANG_WARN_UNREACHABLE_CODE = YES;
				CLANG_WARN__DUPLICATE_METHOD_MATCH = YES;
				CODE_SIGN_IDENTITY = "iPhone Developer";
				COPY_PHASE_STRIP = NO;
				DEBUG_INFORMATION_FORMAT = "dwarf-with-dsym";
				ENABLE_NS_ASSERTIONS = NO;
				ENABLE_STRICT_OBJC_MSGSEND = YES;
				GCC_C_LANGUAGE_STANDARD = gnu11;
				GCC_NO_COMMON_BLOCKS = YES;
				GCC_WARN_64_TO_32_BIT_CONVERSION = YES;
				GCC_WARN_ABOUT_RETURN_TYPE = YES_ERROR;
				GCC_WARN_UNDECLARED_SELECTOR = YES;
				GCC_WARN_UNINITIALIZED_AUTOS = YES_AGGRESSIVE;
				GCC_WARN_UNUSED_FUNCTION = YES;
				GCC_WARN_UNUSED_VARIABLE = YES;
				IPHONEOS_DEPLOYMENT_TARGET = 11.2;
				MTL_ENABLE_DEBUG_INFO = NO;
				SDKROOT = iphoneos;
				VALIDATE_PRODUCT = YES;
			};
			name = Release;
		};
		18757853208EDA7D00327800 /* Debug */ = {
			isa = XCBuildConfiguration;
			buildSettings = {
				ASSETCATALOG_COMPILER_APPICON_NAME = AppIcon;
				CODE_SIGN_STYLE = Automatic;
				INFOPLIST_FILE = "联系人/Info.plist";
				LD_RUNPATH_SEARCH_PATHS = "$(inherited) @executable_path/Frameworks";
				PRODUCT_BUNDLE_IDENTIFIER = "com.my.computer.ABC.---";
				PRODUCT_NAME = "$(TARGET_NAME)";
				TARGETED_DEVICE_FAMILY = "1,2";
			};
			name = Debug;
		};
		18757854208EDA7D00327800 /* Release */ = {
			isa = XCBuildConfiguration;
			buildSettings = {
				ASSETCATALOG_COMPILER_APPICON_NAME = AppIcon;
				CODE_SIGN_STYLE = Automatic;
				INFOPLIST_FILE = "联系人/Info.plist";
				LD_RUNPATH_SEARCH_PATHS = "$(inherited) @executable_path/Frameworks";
				PRODUCT_BUNDLE_IDENTIFIER = "com.my.computer.ABC.---";
				PRODUCT_NAME = "$(TARGET_NAME)";
				TARGETED_DEVICE_FAMILY = "1,2";
			};
			name = Release;
		};
/* End XCBuildConfiguration section */

/* Begin XCConfigurationList section */
		18757837208EDA7C00327800 /* Build configuration list for PBXProject "联系人" */ = {
			isa = XCConfigurationList;
			buildConfigurations = (
				18757850208EDA7D00327800 /* Debug */,
				18757851208EDA7D00327800 /* Release */,
			);
			defaultConfigurationIsVisible = 0;
			defaultConfigurationName = Release;
		};
		18757852208EDA7D00327800 /* Build configuration list for PBXNativeTarget "联系人" */ = {
			isa = XCConfigurationList;
			buildConfigurations = (
				18757853208EDA7D00327800 /* Debug */,
				18757854208EDA7D00327800 /* Release */,
			);
			defaultConfigurationIsVisible = 0;
			defaultConfigurationName = Release;
		};
/* End XCConfigurationList section */
	};
	rootObject = 18757834208EDA7C00327800 /* Project object */;
}
