// !$*UTF8*$!
{
	archiveVersion = 1;
	classes = {
	};
	objectVersion = 50;
	objects = {

/* Begin PBXBuildFile section */
		1810A15520DB9CF500BCCF4C /* AppDelegate.m in Sources */ = {isa = PBXBuildFile; fileRef = 1810A15420DB9CF500BCCF4C /* AppDelegate.m */; };
		1810A15820DB9CF500BCCF4C /* ViewController.m in Sources */ = {isa = PBXBuildFile; fileRef = 1810A15720DB9CF500BCCF4C /* ViewController.m */; };
		1810A15B20DB9CF500BCCF4C /* Main.storyboard in Resources */ = {isa = PBXBuildFile; fileRef = 1810A15920DB9CF500BCCF4C /* Main.storyboard */; };
		1810A15D20DB9CF600BCCF4C /* Assets.xcassets in Resources */ = {isa = PBXBuildFile; fileRef = 1810A15C20DB9CF600BCCF4C /* Assets.xcassets */; };
		1810A16020DB9CF600BCCF4C /* LaunchScreen.storyboard in Resources */ = {isa = PBXBuildFile; fileRef = 1810A15E20DB9CF600BCCF4C /* LaunchScreen.storyboard */; };
		1810A16320DB9CF600BCCF4C /* main.m in Sources */ = {isa = PBXBuildFile; fileRef = 1810A16220DB9CF600BCCF4C /* main.m */; };
/* End PBXBuildFile section */

/* Begin PBXFileReference section */
		1810A15020DB9CF500BCCF4C /* 视频流解码.app */ = {isa = PBXFileReference; explicitFileType = wrapper.application; includeInIndex = 0; path = "视频流解码.app"; sourceTree = BUILT_PRODUCTS_DIR; };
		1810A15320DB9CF500BCCF4C /* AppDelegate.h */ = {isa = PBXFileReference; lastKnownFileType = sourcecode.c.h; path = AppDelegate.h; sourceTree = "<group>"; };
		1810A15420DB9CF500BCCF4C /* AppDelegate.m */ = {isa = PBXFileReference; lastKnownFileType = sourcecode.c.objc; path = AppDelegate.m; sourceTree = "<group>"; };
		1810A15620DB9CF500BCCF4C /* ViewController.h */ = {isa = PBXFileReference; lastKnownFileType = sourcecode.c.h; path = ViewController.h; sourceTree = "<group>"; };
		1810A15720DB9CF500BCCF4C /* ViewController.m */ = {isa = PBXFileReference; lastKnownFileType = sourcecode.c.objc; path = ViewController.m; sourceTree = "<group>"; };
		1810A15A20DB9CF500BCCF4C /* Base */ = {isa = PBXFileReference; lastKnownFileType = file.storyboard; name = Base; path = Base.lproj/Main.storyboard; sourceTree = "<group>"; };
		1810A15C20DB9CF600BCCF4C /* Assets.xcassets */ = {isa = PBXFileReference; lastKnownFileType = folder.assetcatalog; path = Assets.xcassets; sourceTree = "<group>"; };
		1810A15F20DB9CF600BCCF4C /* Base */ = {isa = PBXFileReference; lastKnownFileType = file.storyboard; name = Base; path = Base.lproj/LaunchScreen.storyboard; sourceTree = "<group>"; };
		1810A16120DB9CF600BCCF4C /* Info.plist */ = {isa = PBXFileReference; lastKnownFileType = text.plist.xml; path = Info.plist; sourceTree = "<group>"; };
		1810A16220DB9CF600BCCF4C /* main.m */ = {isa = PBXFileReference; lastKnownFileType = sourcecode.c.objc; path = main.m; sourceTree = "<group>"; };
/* End PBXFileReference section */

/* Begin PBXFrameworksBuildPhase section */
		1810A14D20DB9CF500BCCF4C /* Frameworks */ = {
			isa = PBXFrameworksBuildPhase;
			buildActionMask = 2147483647;
			files = (
			);
			runOnlyForDeploymentPostprocessing = 0;
		};
/* End PBXFrameworksBuildPhase section */

/* Begin PBXGroup section */
		1810A14720DB9CF400BCCF4C = {
			isa = PBXGroup;
			children = (
				1810A15220DB9CF500BCCF4C /* 视频流解码 */,
				1810A15120DB9CF500BCCF4C /* Products */,
			);
			sourceTree = "<group>";
		};
		1810A15120DB9CF500BCCF4C /* Products */ = {
			isa = PBXGroup;
			children = (
				1810A15020DB9CF500BCCF4C /* 视频流解码.app */,
			);
			name = Products;
			sourceTree = "<group>";
		};
		1810A15220DB9CF500BCCF4C /* 视频流解码 */ = {
			isa = PBXGroup;
			children = (
				1810A15320DB9CF500BCCF4C /* AppDelegate.h */,
				1810A15420DB9CF500BCCF4C /* AppDelegate.m */,
				1810A15620DB9CF500BCCF4C /* ViewController.h */,
				1810A15720DB9CF500BCCF4C /* ViewController.m */,
				1810A15920DB9CF500BCCF4C /* Main.storyboard */,
				1810A15C20DB9CF600BCCF4C /* Assets.xcassets */,
				1810A15E20DB9CF600BCCF4C /* LaunchScreen.storyboard */,
				1810A16120DB9CF600BCCF4C /* Info.plist */,
				1810A16220DB9CF600BCCF4C /* main.m */,
			);
			path = "视频流解码";
			sourceTree = "<group>";
		};
/* End PBXGroup section */

/* Begin PBXNativeTarget section */
		1810A14F20DB9CF500BCCF4C /* 视频流解码 */ = {
			isa = PBXNativeTarget;
			buildConfigurationList = 1810A16620DB9CF600BCCF4C /* Build configuration list for PBXNativeTarget "视频流解码" */;
			buildPhases = (
				1810A14C20DB9CF500BCCF4C /* Sources */,
				1810A14D20DB9CF500BCCF4C /* Frameworks */,
				1810A14E20DB9CF500BCCF4C /* Resources */,
			);
			buildRules = (
			);
			dependencies = (
			);
			name = "视频流解码";
			productName = "视频流解码";
			productReference = 1810A15020DB9CF500BCCF4C /* 视频流解码.app */;
			productType = "com.apple.product-type.application";
		};
/* End PBXNativeTarget section */

/* Begin PBXProject section */
		1810A14820DB9CF400BCCF4C /* Project object */ = {
			isa = PBXProject;
			attributes = {
				LastUpgradeCheck = 0930;
				ORGANIZATIONNAME = apple;
				TargetAttributes = {
					1810A14F20DB9CF500BCCF4C = {
						CreatedOnToolsVersion = 9.3;
					};
				};
			};
			buildConfigurationList = 1810A14B20DB9CF400BCCF4C /* Build configuration list for PBXProject "视频流解码" */;
			compatibilityVersion = "Xcode 9.3";
			developmentRegion = en;
			hasScannedForEncodings = 0;
			knownRegions = (
				en,
				Base,
			);
			mainGroup = 1810A14720DB9CF400BCCF4C;
			productRefGroup = 1810A15120DB9CF500BCCF4C /* Products */;
			projectDirPath = "";
			projectRoot = "";
			targets = (
				1810A14F20DB9CF500BCCF4C /* 视频流解码 */,
			);
		};
/* End PBXProject section */

/* Begin PBXResourcesBuildPhase section */
		1810A14E20DB9CF500BCCF4C /* Resources */ = {
			isa = PBXResourcesBuildPhase;
			buildActionMask = 2147483647;
			files = (
				1810A16020DB9CF600BCCF4C /* LaunchScreen.storyboard in Resources */,
				1810A15D20DB9CF600BCCF4C /* Assets.xcassets in Resources */,
				1810A15B20DB9CF500BCCF4C /* Main.storyboard in Resources */,
			);
			runOnlyForDeploymentPostprocessing = 0;
		};
/* End PBXResourcesBuildPhase section */

/* Begin PBXSourcesBuildPhase section */
		1810A14C20DB9CF500BCCF4C /* Sources */ = {
			isa = PBXSourcesBuildPhase;
			buildActionMask = 2147483647;
			files = (
				1810A15820DB9CF500BCCF4C /* ViewController.m in Sources */,
				1810A16320DB9CF600BCCF4C /* main.m in Sources */,
				1810A15520DB9CF500BCCF4C /* AppDelegate.m in Sources */,
			);
			runOnlyForDeploymentPostprocessing = 0;
		};
/* End PBXSourcesBuildPhase section */

/* Begin PBXVariantGroup section */
		1810A15920DB9CF500BCCF4C /* Main.storyboard */ = {
			isa = PBXVariantGroup;
			children = (
				1810A15A20DB9CF500BCCF4C /* Base */,
			);
			name = Main.storyboard;
			sourceTree = "<group>";
		};
		1810A15E20DB9CF600BCCF4C /* LaunchScreen.storyboard */ = {
			isa = PBXVariantGroup;
			children = (
				1810A15F20DB9CF600BCCF4C /* Base */,
			);
			name = LaunchScreen.storyboard;
			sourceTree = "<group>";
		};
/* End PBXVariantGroup section */

/* Begin XCBuildConfiguration section */
		1810A16420DB9CF600BCCF4C /* Debug */ = {
			isa = XCBuildConfiguration;
			buildSettings = {
				ALWAYS_SEARCH_USER_PATHS = NO;
				CLANG_ANALYZER_NONNULL = YES;
				CLANG_ANALYZER_NUMBER_OBJECT_CONVERSION = YES_AGGRESSIVE;
				CLANG_CXX_LANGUAGE_STANDARD = "gnu++14";
				CLANG_CXX_LIBRARY = "libc++";
				CLANG_ENABLE_MODULES = YES;
				CLANG_ENABLE_OBJC_ARC = YES;
				CLANG_ENABLE_OBJC_WEAK = YES;
				CLANG_WARN_BLOCK_CAPTURE_AUTORELEASING = YES;
				CLANG_WARN_BOOL_CONVERSION = YES;
				CLANG_WARN_COMMA = YES;
				CLANG_WARN_CONSTANT_CONVERSION = YES;
				CLANG_WARN_DEPRECATED_OBJC_IMPLEMENTATIONS = YES;
				CLANG_WARN_DIRECT_OBJC_ISA_USAGE = YES_ERROR;
				CLANG_WARN_DOCUMENTATION_COMMENTS = YES;
				CLANG_WARN_EMPTY_BODY = YES;
				CLANG_WARN_ENUM_CONVERSION = YES;
				CLANG_WARN_INFINITE_RECURSION = YES;
				CLANG_WARN_INT_CONVERSION = YES;
				CLANG_WARN_NON_LITERAL_NULL_CONVERSION = YES;
				CLANG_WARN_OBJC_IMPLICIT_RETAIN_SELF = YES;
				CLANG_WARN_OBJC_LITERAL_CONVERSION = YES;
				CLANG_WARN_OBJC_ROOT_CLASS = YES_ERROR;
				CLANG_WARN_RANGE_LOOP_ANALYSIS = YES;
				CLANG_WARN_STRICT_PROTOTYPES = YES;
				CLANG_WARN_SUSPICIOUS_MOVE = YES;
				CLANG_WARN_UNGUARDED_AVAILABILITY = YES_AGGRESSIVE;
				CLANG_WARN_UNREACHABLE_CODE = YES;
				CLANG_WARN__DUPLICATE_METHOD_MATCH = YES;
				CODE_SIGN_IDENTITY = "iPhone Developer";
				COPY_PHASE_STRIP = NO;
				DEBUG_INFORMATION_FORMAT = dwarf;
				ENABLE_STRICT_OBJC_MSGSEND = YES;
				ENABLE_TESTABILITY = YES;
				GCC_C_LANGUAGE_STANDARD = gnu11;
				GCC_DYNAMIC_NO_PIC = NO;
				GCC_NO_COMMON_BLOCKS = YES;
				GCC_OPTIMIZATION_LEVEL = 0;
				GCC_PREPROCESSOR_DEFINITIONS = (
					"DEBUG=1",
					"$(inherited)",
				);
				GCC_WARN_64_TO_32_BIT_CONVERSION = YES;
				GCC_WARN_ABOUT_RETURN_TYPE = YES_ERROR;
				GCC_WARN_UNDECLARED_SELECTOR = YES;
				GCC_WARN_UNINITIALIZED_AUTOS = YES_AGGRESSIVE;
				GCC_WARN_UNUSED_FUNCTION = YES;
				GCC_WARN_UNUSED_VARIABLE = YES;
				IPHONEOS_DEPLOYMENT_TARGET = 11.3;
				MTL_ENABLE_DEBUG_INFO = YES;
				ONLY_ACTIVE_ARCH = YES;
				SDKROOT = iphoneos;
			};
			name = Debug;
		};
		1810A16520DB9CF600BCCF4C /* Release */ = {
			isa = XCBuildConfiguration;
			buildSettings = {
				ALWAYS_SEARCH_USER_PATHS = NO;
				CLANG_ANALYZER_NONNULL = YES;
				CLANG_ANALYZER_NUMBER_OBJECT_CONVERSION = YES_AGGRESSIVE;
				CLANG_CXX_LANGUAGE_STANDARD = "gnu++14";
				CLANG_CXX_LIBRARY = "libc++";
				CLANG_ENABLE_MODULES = YES;
				CLANG_ENABLE_OBJC_ARC = YES;
				CLANG_ENABLE_OBJC_WEAK = YES;
				CLANG_WARN_BLOCK_CAPTURE_AUTORELEASING = YES;
				CLANG_WARN_BOOL_CONVERSION = YES;
				CLANG_WARN_COMMA = YES;
				CLANG_WARN_CONSTANT_CONVERSION = YES;
				CLANG_WARN_DEPRECATED_OBJC_IMPLEMENTATIONS = YES;
				CLANG_WARN_DIRECT_OBJC_ISA_USAGE = YES_ERROR;
				CLANG_WARN_DOCUMENTATION_COMMENTS = YES;
				CLANG_WARN_EMPTY_BODY = YES;
				CLANG_WARN_ENUM_CONVERSION = YES;
				CLANG_WARN_INFINITE_RECURSION = YES;
				CLANG_WARN_INT_CONVERSION = YES;
				CLANG_WARN_NON_LITERAL_NULL_CONVERSION = YES;
				CLANG_WARN_OBJC_IMPLICIT_RETAIN_SELF = YES;
				CLANG_WARN_OBJC_LITERAL_CONVERSION = YES;
				CLANG_WARN_OBJC_ROOT_CLASS = YES_ERROR;
				CLANG_WARN_RANGE_LOOP_ANALYSIS = YES;
				CLANG_WARN_STRICT_PROTOTYPES = YES;
				CLANG_WARN_SUSPICIOUS_MOVE = YES;
				CLANG_WARN_UNGUARDED_AVAILABILITY = YES_AGGRESSIVE;
				CLANG_WARN_UNREACHABLE_CODE = YES;
				CLANG_WARN__DUPLICATE_METHOD_MATCH = YES;
				CODE_SIGN_IDENTITY = "iPhone Developer";
				COPY_PHASE_STRIP = NO;
				DEBUG_INFORMATION_FORMAT = "dwarf-with-dsym";
				ENABLE_NS_ASSERTIONS = NO;
				ENABLE_STRICT_OBJC_MSGSEND = YES;
				GCC_C_LANGUAGE_STANDARD = gnu11;
				GCC_NO_COMMON_BLOCKS = YES;
				GCC_WARN_64_TO_32_BIT_CONVERSION = YES;
				GCC_WARN_ABOUT_RETURN_TYPE = YES_ERROR;
				GCC_WARN_UNDECLARED_SELECTOR = YES;
				GCC_WARN_UNINITIALIZED_AUTOS = YES_AGGRESSIVE;
				GCC_WARN_UNUSED_FUNCTION = YES;
				GCC_WARN_UNUSED_VARIABLE = YES;
				IPHONEOS_DEPLOYMENT_TARGET = 11.3;
				MTL_ENABLE_DEBUG_INFO = NO;
				SDKROOT = iphoneos;
				VALIDATE_PRODUCT = YES;
			};
			name = Release;
		};
		1810A16720DB9CF600BCCF4C /* Debug */ = {
			isa = XCBuildConfiguration;
			buildSettings = {
				ASSETCATALOG_COMPILER_APPICON_NAME = AppIcon;
				CODE_SIGN_STYLE = Automatic;
				INFOPLIST_FILE = "视频流解码/Info.plist";
				LD_RUNPATH_SEARCH_PATHS = (
					"$(inherited)",
					"@executable_path/Frameworks",
				);
				PRODUCT_BUNDLE_IDENTIFIER = "com.my.computer.ABC.-----";
				PRODUCT_NAME = "$(TARGET_NAME)";
				TARGETED_DEVICE_FAMILY = "1,2";
			};
			name = Debug;
		};
		1810A16820DB9CF600BCCF4C /* Release */ = {
			isa = XCBuildConfiguration;
			buildSettings = {
				ASSETCATALOG_COMPILER_APPICON_NAME = AppIcon;
				CODE_SIGN_STYLE = Automatic;
				INFOPLIST_FILE = "视频流解码/Info.plist";
				LD_RUNPATH_SEARCH_PATHS = (
					"$(inherited)",
					"@executable_path/Frameworks",
				);
				PRODUCT_BUNDLE_IDENTIFIER = "com.my.computer.ABC.-----";
				PRODUCT_NAME = "$(TARGET_NAME)";
				TARGETED_DEVICE_FAMILY = "1,2";
			};
			name = Release;
		};
/* End XCBuildConfiguration section */

/* Begin XCConfigurationList section */
		1810A14B20DB9CF400BCCF4C /* Build configuration list for PBXProject "视频流解码" */ = {
			isa = XCConfigurationList;
			buildConfigurations = (
				1810A16420DB9CF600BCCF4C /* Debug */,
				1810A16520DB9CF600BCCF4C /* Release */,
			);
			defaultConfigurationIsVisible = 0;
			defaultConfigurationName = Release;
		};
		1810A16620DB9CF600BCCF4C /* Build configuration list for PBXNativeTarget "视频流解码" */ = {
			isa = XCConfigurationList;
			buildConfigurations = (
				1810A16720DB9CF600BCCF4C /* Debug */,
				1810A16820DB9CF600BCCF4C /* Release */,
			);
			defaultConfigurationIsVisible = 0;
			defaultConfigurationName = Release;
		};
/* End XCConfigurationList section */
	};
	rootObject = 1810A14820DB9CF400BCCF4C /* Project object */;
}
