// !$*UTF8*$!
{
	archiveVersion = 1;
	classes = {
	};
	objectVersion = 50;
	objects = {

/* Begin PBXBuildFile section */
		1892FBF421A3952100BFF46D /* AppDelegate.m in Sources */ = {isa = PBXBuildFile; fileRef = 1892FBF321A3952100BFF46D /* AppDelegate.m */; };
		1892FBF721A3952100BFF46D /* ViewController.m in Sources */ = {isa = PBXBuildFile; fileRef = 1892FBF621A3952100BFF46D /* ViewController.m */; };
		1892FBFA21A3952100BFF46D /* Main.storyboard in Resources */ = {isa = PBXBuildFile; fileRef = 1892FBF821A3952100BFF46D /* Main.storyboard */; };
		1892FBFC21A3952300BFF46D /* Assets.xcassets in Resources */ = {isa = PBXBuildFile; fileRef = 1892FBFB21A3952300BFF46D /* Assets.xcassets */; };
		1892FBFF21A3952300BFF46D /* LaunchScreen.storyboard in Resources */ = {isa = PBXBuildFile; fileRef = 1892FBFD21A3952300BFF46D /* LaunchScreen.storyboard */; };
		1892FC0221A3952300BFF46D /* main.m in Sources */ = {isa = PBXBuildFile; fileRef = 1892FC0121A3952300BFF46D /* main.m */; };
		1892FC0921A3953C00BFF46D /* myArm.s in Sources */ = {isa = PBXBuildFile; fileRef = 1892FC0821A3953C00BFF46D /* myArm.s */; };
/* End PBXBuildFile section */

/* Begin PBXFileReference section */
		1892FBEF21A3952100BFF46D /* arm指令.app */ = {isa = PBXFileReference; explicitFileType = wrapper.application; includeInIndex = 0; path = "arm指令.app"; sourceTree = BUILT_PRODUCTS_DIR; };
		1892FBF221A3952100BFF46D /* AppDelegate.h */ = {isa = PBXFileReference; lastKnownFileType = sourcecode.c.h; path = AppDelegate.h; sourceTree = "<group>"; };
		1892FBF321A3952100BFF46D /* AppDelegate.m */ = {isa = PBXFileReference; lastKnownFileType = sourcecode.c.objc; path = AppDelegate.m; sourceTree = "<group>"; };
		1892FBF521A3952100BFF46D /* ViewController.h */ = {isa = PBXFileReference; lastKnownFileType = sourcecode.c.h; path = ViewController.h; sourceTree = "<group>"; };
		1892FBF621A3952100BFF46D /* ViewController.m */ = {isa = PBXFileReference; lastKnownFileType = sourcecode.c.objc; path = ViewController.m; sourceTree = "<group>"; };
		1892FBF921A3952100BFF46D /* Base */ = {isa = PBXFileReference; lastKnownFileType = file.storyboard; name = Base; path = Base.lproj/Main.storyboard; sourceTree = "<group>"; };
		1892FBFB21A3952300BFF46D /* Assets.xcassets */ = {isa = PBXFileReference; lastKnownFileType = folder.assetcatalog; path = Assets.xcassets; sourceTree = "<group>"; };
		1892FBFE21A3952300BFF46D /* Base */ = {isa = PBXFileReference; lastKnownFileType = file.storyboard; name = Base; path = Base.lproj/LaunchScreen.storyboard; sourceTree = "<group>"; };
		1892FC0021A3952300BFF46D /* Info.plist */ = {isa = PBXFileReference; lastKnownFileType = text.plist.xml; path = Info.plist; sourceTree = "<group>"; };
		1892FC0121A3952300BFF46D /* main.m */ = {isa = PBXFileReference; lastKnownFileType = sourcecode.c.objc; path = main.m; sourceTree = "<group>"; };
		1892FC0821A3953C00BFF46D /* myArm.s */ = {isa = PBXFileReference; lastKnownFileType = sourcecode.asm; path = myArm.s; sourceTree = "<group>"; };
		1892FC0A21A3954E00BFF46D /* myArm.h */ = {isa = PBXFileReference; lastKnownFileType = sourcecode.c.h; path = myArm.h; sourceTree = "<group>"; };
/* End PBXFileReference section */

/* Begin PBXFrameworksBuildPhase section */
		1892FBEC21A3952100BFF46D /* Frameworks */ = {
			isa = PBXFrameworksBuildPhase;
			buildActionMask = 2147483647;
			files = (
			);
			runOnlyForDeploymentPostprocessing = 0;
		};
/* End PBXFrameworksBuildPhase section */

/* Begin PBXGroup section */
		1892FBE621A3952000BFF46D = {
			isa = PBXGroup;
			children = (
				1892FBF121A3952100BFF46D /* arm指令 */,
				1892FBF021A3952100BFF46D /* Products */,
			);
			sourceTree = "<group>";
		};
		1892FBF021A3952100BFF46D /* Products */ = {
			isa = PBXGroup;
			children = (
				1892FBEF21A3952100BFF46D /* arm指令.app */,
			);
			name = Products;
			sourceTree = "<group>";
		};
		1892FBF121A3952100BFF46D /* arm指令 */ = {
			isa = PBXGroup;
			children = (
				1892FBF221A3952100BFF46D /* AppDelegate.h */,
				1892FBF321A3952100BFF46D /* AppDelegate.m */,
				1892FBF521A3952100BFF46D /* ViewController.h */,
				1892FBF621A3952100BFF46D /* ViewController.m */,
				1892FC0A21A3954E00BFF46D /* myArm.h */,
				1892FC0821A3953C00BFF46D /* myArm.s */,
				1892FBF821A3952100BFF46D /* Main.storyboard */,
				1892FBFB21A3952300BFF46D /* Assets.xcassets */,
				1892FBFD21A3952300BFF46D /* LaunchScreen.storyboard */,
				1892FC0021A3952300BFF46D /* Info.plist */,
				1892FC0121A3952300BFF46D /* main.m */,
			);
			path = "arm指令";
			sourceTree = "<group>";
		};
/* End PBXGroup section */

/* Begin PBXNativeTarget section */
		1892FBEE21A3952100BFF46D /* arm指令 */ = {
			isa = PBXNativeTarget;
			buildConfigurationList = 1892FC0521A3952300BFF46D /* Build configuration list for PBXNativeTarget "arm指令" */;
			buildPhases = (
				1892FBEB21A3952100BFF46D /* Sources */,
				1892FBEC21A3952100BFF46D /* Frameworks */,
				1892FBED21A3952100BFF46D /* Resources */,
			);
			buildRules = (
			);
			dependencies = (
			);
			name = "arm指令";
			productName = "arm指令";
			productReference = 1892FBEF21A3952100BFF46D /* arm指令.app */;
			productType = "com.apple.product-type.application";
		};
/* End PBXNativeTarget section */

/* Begin PBXProject section */
		1892FBE721A3952000BFF46D /* Project object */ = {
			isa = PBXProject;
			attributes = {
				LastUpgradeCheck = 1000;
				ORGANIZATIONNAME = apple;
				TargetAttributes = {
					1892FBEE21A3952100BFF46D = {
						CreatedOnToolsVersion = 10.0;
					};
				};
			};
			buildConfigurationList = 1892FBEA21A3952000BFF46D /* Build configuration list for PBXProject "arm指令" */;
			compatibilityVersion = "Xcode 9.3";
			developmentRegion = en;
			hasScannedForEncodings = 0;
			knownRegions = (
				en,
				Base,
			);
			mainGroup = 1892FBE621A3952000BFF46D;
			productRefGroup = 1892FBF021A3952100BFF46D /* Products */;
			projectDirPath = "";
			projectRoot = "";
			targets = (
				1892FBEE21A3952100BFF46D /* arm指令 */,
			);
		};
/* End PBXProject section */

/* Begin PBXResourcesBuildPhase section */
		1892FBED21A3952100BFF46D /* Resources */ = {
			isa = PBXResourcesBuildPhase;
			buildActionMask = 2147483647;
			files = (
				1892FBFF21A3952300BFF46D /* LaunchScreen.storyboard in Resources */,
				1892FBFC21A3952300BFF46D /* Assets.xcassets in Resources */,
				1892FBFA21A3952100BFF46D /* Main.storyboard in Resources */,
			);
			runOnlyForDeploymentPostprocessing = 0;
		};
/* End PBXResourcesBuildPhase section */

/* Begin PBXSourcesBuildPhase section */
		1892FBEB21A3952100BFF46D /* Sources */ = {
			isa = PBXSourcesBuildPhase;
			buildActionMask = 2147483647;
			files = (
				1892FBF721A3952100BFF46D /* ViewController.m in Sources */,
				1892FC0221A3952300BFF46D /* main.m in Sources */,
				1892FC0921A3953C00BFF46D /* myArm.s in Sources */,
				1892FBF421A3952100BFF46D /* AppDelegate.m in Sources */,
			);
			runOnlyForDeploymentPostprocessing = 0;
		};
/* End PBXSourcesBuildPhase section */

/* Begin PBXVariantGroup section */
		1892FBF821A3952100BFF46D /* Main.storyboard */ = {
			isa = PBXVariantGroup;
			children = (
				1892FBF921A3952100BFF46D /* Base */,
			);
			name = Main.storyboard;
			sourceTree = "<group>";
		};
		1892FBFD21A3952300BFF46D /* LaunchScreen.storyboard */ = {
			isa = PBXVariantGroup;
			children = (
				1892FBFE21A3952300BFF46D /* Base */,
			);
			name = LaunchScreen.storyboard;
			sourceTree = "<group>";
		};
/* End PBXVariantGroup section */

/* Begin XCBuildConfiguration section */
		1892FC0321A3952300BFF46D /* Debug */ = {
			isa = XCBuildConfiguration;
			buildSettings = {
				ALWAYS_SEARCH_USER_PATHS = NO;
				CLANG_ANALYZER_NONNULL = YES;
				CLANG_ANALYZER_NUMBER_OBJECT_CONVERSION = YES_AGGRESSIVE;
				CLANG_CXX_LANGUAGE_STANDARD = "gnu++14";
				CLANG_CXX_LIBRARY = "libc++";
				CLANG_ENABLE_MODULES = YES;
				CLANG_ENABLE_OBJC_ARC = YES;
				CLANG_ENABLE_OBJC_WEAK = YES;
				CLANG_WARN_BLOCK_CAPTURE_AUTORELEASING = YES;
				CLANG_WARN_BOOL_CONVERSION = YES;
				CLANG_WARN_COMMA = YES;
				CLANG_WARN_CONSTANT_CONVERSION = YES;
				CLANG_WARN_DEPRECATED_OBJC_IMPLEMENTATIONS = YES;
				CLANG_WARN_DIRECT_OBJC_ISA_USAGE = YES_ERROR;
				CLANG_WARN_DOCUMENTATION_COMMENTS = YES;
				CLANG_WARN_EMPTY_BODY = YES;
				CLANG_WARN_ENUM_CONVERSION = YES;
				CLANG_WARN_INFINITE_RECURSION = YES;
				CLANG_WARN_INT_CONVERSION = YES;
				CLANG_WARN_NON_LITERAL_NULL_CONVERSION = YES;
				CLANG_WARN_OBJC_IMPLICIT_RETAIN_SELF = YES;
				CLANG_WARN_OBJC_LITERAL_CONVERSION = YES;
				CLANG_WARN_OBJC_ROOT_CLASS = YES_ERROR;
				CLANG_WARN_RANGE_LOOP_ANALYSIS = YES;
				CLANG_WARN_STRICT_PROTOTYPES = YES;
				CLANG_WARN_SUSPICIOUS_MOVE = YES;
				CLANG_WARN_UNGUARDED_AVAILABILITY = YES_AGGRESSIVE;
				CLANG_WARN_UNREACHABLE_CODE = YES;
				CLANG_WARN__DUPLICATE_METHOD_MATCH = YES;
				CODE_SIGN_IDENTITY = "iPhone Developer";
				COPY_PHASE_STRIP = NO;
				DEBUG_INFORMATION_FORMAT = dwarf;
				ENABLE_STRICT_OBJC_MSGSEND = YES;
				ENABLE_TESTABILITY = YES;
				GCC_C_LANGUAGE_STANDARD = gnu11;
				GCC_DYNAMIC_NO_PIC = NO;
				GCC_NO_COMMON_BLOCKS = YES;
				GCC_OPTIMIZATION_LEVEL = 0;
				GCC_PREPROCESSOR_DEFINITIONS = (
					"DEBUG=1",
					"$(inherited)",
				);
				GCC_WARN_64_TO_32_BIT_CONVERSION = YES;
				GCC_WARN_ABOUT_RETURN_TYPE = YES_ERROR;
				GCC_WARN_UNDECLARED_SELECTOR = YES;
				GCC_WARN_UNINITIALIZED_AUTOS = YES_AGGRESSIVE;
				GCC_WARN_UNUSED_FUNCTION = YES;
				GCC_WARN_UNUSED_VARIABLE = YES;
				IPHONEOS_DEPLOYMENT_TARGET = 12.0;
				MTL_ENABLE_DEBUG_INFO = INCLUDE_SOURCE;
				MTL_FAST_MATH = YES;
				ONLY_ACTIVE_ARCH = YES;
				SDKROOT = iphoneos;
			};
			name = Debug;
		};
		1892FC0421A3952300BFF46D /* Release */ = {
			isa = XCBuildConfiguration;
			buildSettings = {
				ALWAYS_SEARCH_USER_PATHS = NO;
				CLANG_ANALYZER_NONNULL = YES;
				CLANG_ANALYZER_NUMBER_OBJECT_CONVERSION = YES_AGGRESSIVE;
				CLANG_CXX_LANGUAGE_STANDARD = "gnu++14";
				CLANG_CXX_LIBRARY = "libc++";
				CLANG_ENABLE_MODULES = YES;
				CLANG_ENABLE_OBJC_ARC = YES;
				CLANG_ENABLE_OBJC_WEAK = YES;
				CLANG_WARN_BLOCK_CAPTURE_AUTORELEASING = YES;
				CLANG_WARN_BOOL_CONVERSION = YES;
				CLANG_WARN_COMMA = YES;
				CLANG_WARN_CONSTANT_CONVERSION = YES;
				CLANG_WARN_DEPRECATED_OBJC_IMPLEMENTATIONS = YES;
				CLANG_WARN_DIRECT_OBJC_ISA_USAGE = YES_ERROR;
				CLANG_WARN_DOCUMENTATION_COMMENTS = YES;
				CLANG_WARN_EMPTY_BODY = YES;
				CLANG_WARN_ENUM_CONVERSION = YES;
				CLANG_WARN_INFINITE_RECURSION = YES;
				CLANG_WARN_INT_CONVERSION = YES;
				CLANG_WARN_NON_LITERAL_NULL_CONVERSION = YES;
				CLANG_WARN_OBJC_IMPLICIT_RETAIN_SELF = YES;
				CLANG_WARN_OBJC_LITERAL_CONVERSION = YES;
				CLANG_WARN_OBJC_ROOT_CLASS = YES_ERROR;
				CLANG_WARN_RANGE_LOOP_ANALYSIS = YES;
				CLANG_WARN_STRICT_PROTOTYPES = YES;
				CLANG_WARN_SUSPICIOUS_MOVE = YES;
				CLANG_WARN_UNGUARDED_AVAILABILITY = YES_AGGRESSIVE;
				CLANG_WARN_UNREACHABLE_CODE = YES;
				CLANG_WARN__DUPLICATE_METHOD_MATCH = YES;
				CODE_SIGN_IDENTITY = "iPhone Developer";
				COPY_PHASE_STRIP = NO;
				DEBUG_INFORMATION_FORMAT = "dwarf-with-dsym";
				ENABLE_NS_ASSERTIONS = NO;
				ENABLE_STRICT_OBJC_MSGSEND = YES;
				GCC_C_LANGUAGE_STANDARD = gnu11;
				GCC_NO_COMMON_BLOCKS = YES;
				GCC_WARN_64_TO_32_BIT_CONVERSION = YES;
				GCC_WARN_ABOUT_RETURN_TYPE = YES_ERROR;
				GCC_WARN_UNDECLARED_SELECTOR = YES;
				GCC_WARN_UNINITIALIZED_AUTOS = YES_AGGRESSIVE;
				GCC_WARN_UNUSED_FUNCTION = YES;
				GCC_WARN_UNUSED_VARIABLE = YES;
				IPHONEOS_DEPLOYMENT_TARGET = 12.0;
				MTL_ENABLE_DEBUG_INFO = NO;
				MTL_FAST_MATH = YES;
				SDKROOT = iphoneos;
				VALIDATE_PRODUCT = YES;
			};
			name = Release;
		};
		1892FC0621A3952300BFF46D /* Debug */ = {
			isa = XCBuildConfiguration;
			buildSettings = {
				ASSETCATALOG_COMPILER_APPICON_NAME = AppIcon;
				CODE_SIGN_STYLE = Automatic;
				DEVELOPMENT_TEAM = 46386XTRFT;
				INFOPLIST_FILE = "arm指令/Info.plist";
				IPHONEOS_DEPLOYMENT_TARGET = 9.1;
				LD_RUNPATH_SEARCH_PATHS = (
					"$(inherited)",
					"@executable_path/Frameworks",
				);
				PRODUCT_BUNDLE_IDENTIFIER = "com.my.computer.ABC.arm--";
				PRODUCT_NAME = "$(TARGET_NAME)";
				TARGETED_DEVICE_FAMILY = "1,2";
			};
			name = Debug;
		};
		1892FC0721A3952300BFF46D /* Release */ = {
			isa = XCBuildConfiguration;
			buildSettings = {
				ASSETCATALOG_COMPILER_APPICON_NAME = AppIcon;
				CODE_SIGN_STYLE = Automatic;
				DEVELOPMENT_TEAM = 46386XTRFT;
				INFOPLIST_FILE = "arm指令/Info.plist";
				IPHONEOS_DEPLOYMENT_TARGET = 9.1;
				LD_RUNPATH_SEARCH_PATHS = (
					"$(inherited)",
					"@executable_path/Frameworks",
				);
				PRODUCT_BUNDLE_IDENTIFIER = "com.my.computer.ABC.arm--";
				PRODUCT_NAME = "$(TARGET_NAME)";
				TARGETED_DEVICE_FAMILY = "1,2";
			};
			name = Release;
		};
/* End XCBuildConfiguration section */

/* Begin XCConfigurationList section */
		1892FBEA21A3952000BFF46D /* Build configuration list for PBXProject "arm指令" */ = {
			isa = XCConfigurationList;
			buildConfigurations = (
				1892FC0321A3952300BFF46D /* Debug */,
				1892FC0421A3952300BFF46D /* Release */,
			);
			defaultConfigurationIsVisible = 0;
			defaultConfigurationName = Release;
		};
		1892FC0521A3952300BFF46D /* Build configuration list for PBXNativeTarget "arm指令" */ = {
			isa = XCConfigurationList;
			buildConfigurations = (
				1892FC0621A3952300BFF46D /* Debug */,
				1892FC0721A3952300BFF46D /* Release */,
			);
			defaultConfigurationIsVisible = 0;
			defaultConfigurationName = Release;
		};
/* End XCConfigurationList section */
	};
	rootObject = 1892FBE721A3952000BFF46D /* Project object */;
}
